// !$*UTF8*$!
{
	archiveVersion = 1;
	classes = {
	};
	objectVersion = 46;
	objects = {

/* Begin PBXBuildFile section */
		0E0D7B29153F9513005DAE9D /* checked.png in Resources */ = {isa = PBXBuildFile; fileRef = 0E0D7B25153F9513005DAE9D /* checked.png */; };
		0E0D7B2A153F9513005DAE9D /* checked@2x.png in Resources */ = {isa = PBXBuildFile; fileRef = 0E0D7B26153F9513005DAE9D /* checked@2x.png */; };
		0E0D7B2B153F9513005DAE9D /* unchecked.png in Resources */ = {isa = PBXBuildFile; fileRef = 0E0D7B27153F9513005DAE9D /* unchecked.png */; };
		0E0D7B2C153F9513005DAE9D /* unchecked@2x.png in Resources */ = {isa = PBXBuildFile; fileRef = 0E0D7B28153F9513005DAE9D /* unchecked@2x.png */; };
		0E0F6DD615BE280300043247 /* MBNotificationAction.m in Sources */ = {isa = PBXBuildFile; fileRef = 0E0F6DCC15BE280300043247 /* MBNotificationAction.m */; };
		0E0F6DDA15BE280300043247 /* MBNotificationProcessor.m in Sources */ = {isa = PBXBuildFile; fileRef = 0E0F6DD515BE280300043247 /* MBNotificationProcessor.m */; };
		0E0F6DDF15BF7F3100043247 /* MBProgressHUD.m in Sources */ = {isa = PBXBuildFile; fileRef = 0E0F6DDE15BF7F3100043247 /* MBProgressHUD.m */; };
		0E0F6DE515BF89D700043247 /* MBUIViewController.m in Sources */ = {isa = PBXBuildFile; fileRef = 0E0F6DE415BF89D600043247 /* MBUIViewController.m */; };
		0E0F6DE815BF8A0C00043247 /* MBUITableViewController.m in Sources */ = {isa = PBXBuildFile; fileRef = 0E0F6DE715BF8A0B00043247 /* MBUITableViewController.m */; };
		0E23E965152E85230027E9A0 /* tableview_x.png in Resources */ = {isa = PBXBuildFile; fileRef = 0E23E963152E85230027E9A0 /* tableview_x.png */; };
		0E23E966152E85230027E9A0 /* tableview_x@2x.png in Resources */ = {isa = PBXBuildFile; fileRef = 0E23E964152E85230027E9A0 /* tableview_x@2x.png */; };
		0E23E969152EA51E0027E9A0 /* Player.m in Sources */ = {isa = PBXBuildFile; fileRef = 0E23E968152EA51E0027E9A0 /* Player.m */; };
		0E764D8215321EA20025F490 /* FBDialog.bundle in Resources */ = {isa = PBXBuildFile; fileRef = 0E764D7515321EA20025F490 /* FBDialog.bundle */; };
		0E764D8315321EA20025F490 /* libfacebook_ios_sdk.a in Frameworks */ = {isa = PBXBuildFile; fileRef = 0E764D7B15321EA20025F490 /* libfacebook_ios_sdk.a */; };
		0E7BC1BD152A0BE600BCE387 /* CardTableViewCell.xib in Resources */ = {isa = PBXBuildFile; fileRef = 0E7BC1BC152A0BE600BCE387 /* CardTableViewCell.xib */; };
		0E7BC1C0152A0F5600BCE387 /* default_list_user.png in Resources */ = {isa = PBXBuildFile; fileRef = 0E7BC1BF152A0F5600BCE387 /* default_list_user.png */; };
		0E7BC1C2152A0F5C00BCE387 /* default_list_user@2x.png in Resources */ = {isa = PBXBuildFile; fileRef = 0E7BC1C1152A0F5C00BCE387 /* default_list_user@2x.png */; };
		0E7BC1EE152A17B300BCE387 /* CFNetwork.framework in Frameworks */ = {isa = PBXBuildFile; fileRef = 0E7BC1E6152A16BE00BCE387 /* CFNetwork.framework */; };
		0E7BC1F1152A17BD00BCE387 /* MobileCoreServices.framework in Frameworks */ = {isa = PBXBuildFile; fileRef = 0E7BC1EA152A16D200BCE387 /* MobileCoreServices.framework */; };
		0E7BC1F2152A17C000BCE387 /* SystemConfiguration.framework in Frameworks */ = {isa = PBXBuildFile; fileRef = 0E7BC1E8152A16C800BCE387 /* SystemConfiguration.framework */; };
		0E7BC1F8152A1B3100BCE387 /* Constant.m in Sources */ = {isa = PBXBuildFile; fileRef = 0E7BC1F7152A1B3100BCE387 /* Constant.m */; };
		0E7BC238152A4D9B00BCE387 /* Security.framework in Frameworks */ = {isa = PBXBuildFile; fileRef = 0E7BC237152A4D9B00BCE387 /* Security.framework */; };
		0E7BC23A152A4DB400BCE387 /* QuartzCore.framework in Frameworks */ = {isa = PBXBuildFile; fileRef = 0E7BC239152A4DB400BCE387 /* QuartzCore.framework */; };
		0E7BC23C152A4DCD00BCE387 /* CoreData.framework in Frameworks */ = {isa = PBXBuildFile; fileRef = 0E7BC23B152A4DCD00BCE387 /* CoreData.framework */; settings = {ATTRIBUTES = (Weak, ); }; };
		0E7BC23E152A4DE200BCE387 /* libxml2.dylib in Frameworks */ = {isa = PBXBuildFile; fileRef = 0E7BC23D152A4DE200BCE387 /* libxml2.dylib */; };
		0E84B830158A352A006B9AE5 /* TicketViewController.xib in Resources */ = {isa = PBXBuildFile; fileRef = 0E84B82F158A352A006B9AE5 /* TicketViewController.xib */; };
		0E84B836158A537B006B9AE5 /* TableViewTextField.m in Sources */ = {isa = PBXBuildFile; fileRef = 0E84B835158A5379006B9AE5 /* TableViewTextField.m */; };
		0EBA0D5415797CBC00BB55BC /* underline@2x.png in Resources */ = {isa = PBXBuildFile; fileRef = 0EBA0D5215797CBC00BB55BC /* underline@2x.png */; };
		0EBA0D5515797CBC00BB55BC /* underline.png in Resources */ = {isa = PBXBuildFile; fileRef = 0EBA0D5315797CBC00BB55BC /* underline.png */; };
		0ED13897157FC24E00F400BF /* ScrollViewWithPaging.m in Sources */ = {isa = PBXBuildFile; fileRef = 0ED13896157FC24E00F400BF /* ScrollViewWithPaging.m */; };
		0EE3D61714FEB63500E4A0CE /* UIKit.framework in Frameworks */ = {isa = PBXBuildFile; fileRef = 0EE3D61614FEB63500E4A0CE /* UIKit.framework */; };
		0EE3D61914FEB63500E4A0CE /* Foundation.framework in Frameworks */ = {isa = PBXBuildFile; fileRef = 0EE3D61814FEB63500E4A0CE /* Foundation.framework */; };
		0EE3D61B14FEB63500E4A0CE /* CoreGraphics.framework in Frameworks */ = {isa = PBXBuildFile; fileRef = 0EE3D61A14FEB63500E4A0CE /* CoreGraphics.framework */; };
		0EE3D62114FEB63500E4A0CE /* InfoPlist.strings in Resources */ = {isa = PBXBuildFile; fileRef = 0EE3D61F14FEB63500E4A0CE /* InfoPlist.strings */; };
		0EE3D62314FEB63500E4A0CE /* main.m in Sources */ = {isa = PBXBuildFile; fileRef = 0EE3D62214FEB63500E4A0CE /* main.m */; };
		0EE3D62714FEB63500E4A0CE /* AppDelegate.m in Sources */ = {isa = PBXBuildFile; fileRef = 0EE3D62614FEB63500E4A0CE /* AppDelegate.m */; };
		0EFD327915A9EF1300785BC3 /* TicketResultViewController.xib in Resources */ = {isa = PBXBuildFile; fileRef = 0EFD327715A9EF1300785BC3 /* TicketResultViewController.xib */; };
		0EFD32CE15A9FB9D00785BC3 /* libCorePlot-CocoaTouch.a in Frameworks */ = {isa = PBXBuildFile; fileRef = 0EFD32CD15A9FB9D00785BC3 /* libCorePlot-CocoaTouch.a */; };
		681188E9154F762D007B323B /* MBPlayerViewController.m in Sources */ = {isa = PBXBuildFile; fileRef = 681188E8154F762D007B323B /* MBPlayerViewController.m */; };
		6817658C1884EF1A0077321B /* MBNetworkErrorViewController.m in Sources */ = {isa = PBXBuildFile; fileRef = 6817658A1884EF1A0077321B /* MBNetworkErrorViewController.m */; };
		6817658D1884EF1A0077321B /* MBNetworkErrorViewController.xib in Resources */ = {isa = PBXBuildFile; fileRef = 6817658B1884EF1A0077321B /* MBNetworkErrorViewController.xib */; };
		6817658F1884EF530077321B /* mad_ballots_network_error.png in Resources */ = {isa = PBXBuildFile; fileRef = 6817658E1884EF530077321B /* mad_ballots_network_error.png */; };
		6823A7001883097B00955185 /* libRestKit.a in Frameworks */ = {isa = PBXBuildFile; fileRef = 68D5222E188247D800381544 /* libRestKit.a */; };
		6831FB491561FBCA0093AFB3 /* MBAuthentication.m in Sources */ = {isa = PBXBuildFile; fileRef = 6831FB481561FBCA0093AFB3 /* MBAuthentication.m */; };
		6831FB4D1561FF3A0093AFB3 /* MBAuthenticationInfo.m in Sources */ = {isa = PBXBuildFile; fileRef = 6831FB4C1561FF3A0093AFB3 /* MBAuthenticationInfo.m */; };
		6831FB501561FF480093AFB3 /* MBAuthenticationCredentials.m in Sources */ = {isa = PBXBuildFile; fileRef = 6831FB4F1561FF480093AFB3 /* MBAuthenticationCredentials.m */; };
		68381ED815C8C7BB007AE448 /* CreateGameView.xib in Resources */ = {isa = PBXBuildFile; fileRef = 68381ED715C8C7BB007AE448 /* CreateGameView.xib */; };
		6863C1B7154F6B0B004015E0 /* MBPlayerSession.m in Sources */ = {isa = PBXBuildFile; fileRef = 6863C1B6154F6B0B004015E0 /* MBPlayerSession.m */; };
		687929C9187E58FA00B589AF /* mad_ballots_launch_768_1024.png in Resources */ = {isa = PBXBuildFile; fileRef = 687929C5187E58FA00B589AF /* mad_ballots_launch_768_1024.png */; };
		687929CA187E58FA00B589AF /* mad_ballots_launch_1024_768.png in Resources */ = {isa = PBXBuildFile; fileRef = 687929C6187E58FA00B589AF /* mad_ballots_launch_1024_768.png */; };
		687929CB187E58FA00B589AF /* mad_ballots_launch_1536_2048.png in Resources */ = {isa = PBXBuildFile; fileRef = 687929C7187E58FA00B589AF /* mad_ballots_launch_1536_2048.png */; };
		687929CC187E58FA00B589AF /* mad_ballots_launch_2048_1536.png in Resources */ = {isa = PBXBuildFile; fileRef = 687929C8187E58FA00B589AF /* mad_ballots_launch_2048_1536.png */; };
		687929D3187E593300B589AF /* mad_ballots_launch_640_960.png in Resources */ = {isa = PBXBuildFile; fileRef = 687929D1187E593300B589AF /* mad_ballots_launch_640_960.png */; };
		687929D4187E593300B589AF /* mad_ballots_launch_640_1136.png in Resources */ = {isa = PBXBuildFile; fileRef = 687929D2187E593300B589AF /* mad_ballots_launch_640_1136.png */; };
		6879808315CA10E7000F424C /* CardView.xib in Resources */ = {isa = PBXBuildFile; fileRef = 6879808215CA10E7000F424C /* CardView.xib */; };
		6879808515CA1683000F424C /* MBVoteView.xib in Resources */ = {isa = PBXBuildFile; fileRef = 6879808415CA1683000F424C /* MBVoteView.xib */; };
		6879808715CA26D4000F424C /* MBPlayerRequestView.xib in Resources */ = {isa = PBXBuildFile; fileRef = 6879808615CA26D4000F424C /* MBPlayerRequestView.xib */; };
		688E523A18761764003F3369 /* MBWebAppViewController.m in Sources */ = {isa = PBXBuildFile; fileRef = 688E523818761764003F3369 /* MBWebAppViewController.m */; };
		688E523B18761764003F3369 /* MBWebAppViewController.xib in Resources */ = {isa = PBXBuildFile; fileRef = 688E523918761764003F3369 /* MBWebAppViewController.xib */; };
		689CDB88156DC664008E5648 /* SFHFKeychainUtils.m in Sources */ = {isa = PBXBuildFile; fileRef = 689CDB87156DC664008E5648 /* SFHFKeychainUtils.m */; settings = {COMPILER_FLAGS = "-fno-objc-arc"; }; };
		68A120FA187A57E100BD0F86 /* mad_ballots_icon_120.png in Resources */ = {isa = PBXBuildFile; fileRef = 68A120F9187A57E100BD0F86 /* mad_ballots_icon_120.png */; };
		68A120FD187A598000BD0F86 /* mad_ballots_icon_76.png in Resources */ = {isa = PBXBuildFile; fileRef = 68A120FB187A598000BD0F86 /* mad_ballots_icon_76.png */; };
		68A120FE187A598000BD0F86 /* mad_ballots_icon_152.png in Resources */ = {isa = PBXBuildFile; fileRef = 68A120FC187A598000BD0F86 /* mad_ballots_icon_152.png */; };
		68A12100187A5CEE00BD0F86 /* mad_ballots_icon_640_1136.png in Resources */ = {isa = PBXBuildFile; fileRef = 68A120FF187A5CEE00BD0F86 /* mad_ballots_icon_640_1136.png */; };
		68A12103187CFC2D00BD0F86 /* Default-568h@2x.png in Resources */ = {isa = PBXBuildFile; fileRef = 68A12102187CFC2D00BD0F86 /* Default-568h@2x.png */; };
		68AC036618789E8E00EB3439 /* MBNotificationActionURL.m in Sources */ = {isa = PBXBuildFile; fileRef = 68AC036518789E8E00EB3439 /* MBNotificationActionURL.m */; };
		68BEF4CD1564AC070094DC1C /* MBRootNavigationController.m in Sources */ = {isa = PBXBuildFile; fileRef = 68BEF4CC1564AC060094DC1C /* MBRootNavigationController.m */; };
		68C27FF41550D37200B1A503 /* MBLoginViewController.m in Sources */ = {isa = PBXBuildFile; fileRef = 68C27FF31550D37200B1A503 /* MBLoginViewController.m */; };
		68D669ED15C7736D0084A212 /* MBPlayerView.xib in Resources */ = {isa = PBXBuildFile; fileRef = 68D669EC15C7736D0084A212 /* MBPlayerView.xib */; };
		68D669EF15C77CB90084A212 /* MBGameView.xib in Resources */ = {isa = PBXBuildFile; fileRef = 68D669EE15C77CB90084A212 /* MBGameView.xib */; };
		68EB41C715C4674C007C771F /* GamesViewController.xib in Resources */ = {isa = PBXBuildFile; fileRef = 68EB41C615C4674C007C771F /* GamesViewController.xib */; };
		68EB41CB15C4C73D007C771F /* LoginViewController.xib in Resources */ = {isa = PBXBuildFile; fileRef = 68EB41CA15C4C73D007C771F /* LoginViewController.xib */; };
/* End PBXBuildFile section */

/* Begin PBXContainerItemProxy section */
		6823A6FE1883082D00955185 /* PBXContainerItemProxy */ = {
			isa = PBXContainerItemProxy;
			containerPortal = 68D52226188247D800381544 /* RestKit.xcodeproj */;
			proxyType = 1;
			remoteGlobalIDString = 25160D1514564E810060A5C5;
			remoteInfo = RestKit;
		};
		68D5222D188247D800381544 /* PBXContainerItemProxy */ = {
			isa = PBXContainerItemProxy;
			containerPortal = 68D52226188247D800381544 /* RestKit.xcodeproj */;
			proxyType = 2;
			remoteGlobalIDString = 25160D1614564E810060A5C5;
			remoteInfo = RestKit;
		};
		68D5222F188247D800381544 /* PBXContainerItemProxy */ = {
			isa = PBXContainerItemProxy;
			containerPortal = 68D52226188247D800381544 /* RestKit.xcodeproj */;
			proxyType = 2;
			remoteGlobalIDString = 25160D2614564E820060A5C5;
			remoteInfo = RestKitTests;
		};
		68D52231188247D800381544 /* PBXContainerItemProxy */ = {
			isa = PBXContainerItemProxy;
			containerPortal = 68D52226188247D800381544 /* RestKit.xcodeproj */;
			proxyType = 2;
			remoteGlobalIDString = 25160E62145651060060A5C5;
			remoteInfo = RestKitFramework;
		};
		68D52233188247D800381544 /* PBXContainerItemProxy */ = {
			isa = PBXContainerItemProxy;
			containerPortal = 68D52226188247D800381544 /* RestKit.xcodeproj */;
			proxyType = 2;
			remoteGlobalIDString = 25160E78145651060060A5C5;
			remoteInfo = RestKitFrameworkTests;
		};
/* End PBXContainerItemProxy section */

/* Begin PBXFileReference section */
		0E0D7B22153F1E02005DAE9D /* Card.h */ = {isa = PBXFileReference; fileEncoding = 4; lastKnownFileType = sourcecode.c.h; path = Card.h; sourceTree = "<group>"; };
		0E0D7B23153F1E02005DAE9D /* Card.m */ = {isa = PBXFileReference; fileEncoding = 4; lastKnownFileType = sourcecode.c.objc; path = Card.m; sourceTree = "<group>"; };
		0E0D7B25153F9513005DAE9D /* checked.png */ = {isa = PBXFileReference; lastKnownFileType = image.png; path = checked.png; sourceTree = "<group>"; };
		0E0D7B26153F9513005DAE9D /* checked@2x.png */ = {isa = PBXFileReference; lastKnownFileType = image.png; path = "checked@2x.png"; sourceTree = "<group>"; };
		0E0D7B27153F9513005DAE9D /* unchecked.png */ = {isa = PBXFileReference; lastKnownFileType = image.png; path = unchecked.png; sourceTree = "<group>"; };
		0E0D7B28153F9513005DAE9D /* unchecked@2x.png */ = {isa = PBXFileReference; lastKnownFileType = image.png; path = "unchecked@2x.png"; sourceTree = "<group>"; };
		0E0F6DCB15BE280300043247 /* MBNotificationAction.h */ = {isa = PBXFileReference; fileEncoding = 4; lastKnownFileType = sourcecode.c.h; path = MBNotificationAction.h; sourceTree = "<group>"; };
		0E0F6DCC15BE280300043247 /* MBNotificationAction.m */ = {isa = PBXFileReference; fileEncoding = 4; lastKnownFileType = sourcecode.c.objc; path = MBNotificationAction.m; sourceTree = "<group>"; };
		0E0F6DCD15BE280300043247 /* MBNotificationActionFillCard.h */ = {isa = PBXFileReference; fileEncoding = 4; lastKnownFileType = sourcecode.c.h; path = MBNotificationActionFillCard.h; sourceTree = "<group>"; };
		0E0F6DCE15BE280300043247 /* MBNotificationActionFillCard.m */ = {isa = PBXFileReference; fileEncoding = 4; lastKnownFileType = sourcecode.c.objc; path = MBNotificationActionFillCard.m; sourceTree = "<group>"; };
		0E0F6DCF15BE280300043247 /* MBNotificationActionHandler.h */ = {isa = PBXFileReference; fileEncoding = 4; lastKnownFileType = sourcecode.c.h; path = MBNotificationActionHandler.h; sourceTree = "<group>"; };
		0E0F6DD015BE280300043247 /* MBNotificationActionRSVP.h */ = {isa = PBXFileReference; fileEncoding = 4; lastKnownFileType = sourcecode.c.h; path = MBNotificationActionRSVP.h; sourceTree = "<group>"; };
		0E0F6DD115BE280300043247 /* MBNotificationActionRSVP.m */ = {isa = PBXFileReference; fileEncoding = 4; lastKnownFileType = sourcecode.c.objc; path = MBNotificationActionRSVP.m; sourceTree = "<group>"; };
		0E0F6DD215BE280300043247 /* MBNotificationActionVote.h */ = {isa = PBXFileReference; fileEncoding = 4; lastKnownFileType = sourcecode.c.h; path = MBNotificationActionVote.h; sourceTree = "<group>"; };
		0E0F6DD315BE280300043247 /* MBNotificationActionVote.m */ = {isa = PBXFileReference; fileEncoding = 4; lastKnownFileType = sourcecode.c.objc; path = MBNotificationActionVote.m; sourceTree = "<group>"; };
		0E0F6DD415BE280300043247 /* MBNotificationProcessor.h */ = {isa = PBXFileReference; fileEncoding = 4; lastKnownFileType = sourcecode.c.h; path = MBNotificationProcessor.h; sourceTree = "<group>"; };
		0E0F6DD515BE280300043247 /* MBNotificationProcessor.m */ = {isa = PBXFileReference; fileEncoding = 4; lastKnownFileType = sourcecode.c.objc; path = MBNotificationProcessor.m; sourceTree = "<group>"; };
		0E0F6DDD15BF7F3100043247 /* MBProgressHUD.h */ = {isa = PBXFileReference; fileEncoding = 4; lastKnownFileType = sourcecode.c.h; path = MBProgressHUD.h; sourceTree = "<group>"; };
		0E0F6DDE15BF7F3100043247 /* MBProgressHUD.m */ = {isa = PBXFileReference; fileEncoding = 4; lastKnownFileType = sourcecode.c.objc; path = MBProgressHUD.m; sourceTree = "<group>"; };
		0E0F6DE315BF89D600043247 /* MBUIViewController.h */ = {isa = PBXFileReference; fileEncoding = 4; lastKnownFileType = sourcecode.c.h; path = MBUIViewController.h; sourceTree = "<group>"; };
		0E0F6DE415BF89D600043247 /* MBUIViewController.m */ = {isa = PBXFileReference; fileEncoding = 4; lastKnownFileType = sourcecode.c.objc; path = MBUIViewController.m; sourceTree = "<group>"; };
		0E0F6DE615BF8A0B00043247 /* MBUITableViewController.h */ = {isa = PBXFileReference; fileEncoding = 4; lastKnownFileType = sourcecode.c.h; path = MBUITableViewController.h; sourceTree = "<group>"; };
		0E0F6DE715BF8A0B00043247 /* MBUITableViewController.m */ = {isa = PBXFileReference; fileEncoding = 4; lastKnownFileType = sourcecode.c.objc; path = MBUITableViewController.m; sourceTree = "<group>"; };
		0E23E95D152E3FA70027E9A0 /* CreateGameViewController.h */ = {isa = PBXFileReference; fileEncoding = 4; lastKnownFileType = sourcecode.c.h; path = CreateGameViewController.h; sourceTree = "<group>"; };
		0E23E95E152E3FA70027E9A0 /* CreateGameViewController.m */ = {isa = PBXFileReference; fileEncoding = 4; lastKnownFileType = sourcecode.c.objc; path = CreateGameViewController.m; sourceTree = "<group>"; };
		0E23E963152E85230027E9A0 /* tableview_x.png */ = {isa = PBXFileReference; lastKnownFileType = image.png; path = tableview_x.png; sourceTree = "<group>"; };
		0E23E964152E85230027E9A0 /* tableview_x@2x.png */ = {isa = PBXFileReference; lastKnownFileType = image.png; path = "tableview_x@2x.png"; sourceTree = "<group>"; };
		0E23E967152EA51E0027E9A0 /* Player.h */ = {isa = PBXFileReference; fileEncoding = 4; lastKnownFileType = sourcecode.c.h; path = Player.h; sourceTree = "<group>"; };
		0E23E968152EA51E0027E9A0 /* Player.m */ = {isa = PBXFileReference; fileEncoding = 4; lastKnownFileType = sourcecode.c.objc; path = Player.m; sourceTree = "<group>"; };
		0E2F6E3F15890B39001901C0 /* Ticket.h */ = {isa = PBXFileReference; fileEncoding = 4; lastKnownFileType = sourcecode.c.h; path = Ticket.h; sourceTree = "<group>"; };
		0E2F6E4015890B39001901C0 /* Ticket.m */ = {isa = PBXFileReference; fileEncoding = 4; lastKnownFileType = sourcecode.c.objc; path = Ticket.m; sourceTree = "<group>"; };
		0E2F6E4215895160001901C0 /* Ballot.h */ = {isa = PBXFileReference; fileEncoding = 4; lastKnownFileType = sourcecode.c.h; path = Ballot.h; sourceTree = "<group>"; };
		0E2F6E4315895160001901C0 /* Ballot.m */ = {isa = PBXFileReference; fileEncoding = 4; lastKnownFileType = sourcecode.c.objc; path = Ballot.m; sourceTree = "<group>"; };
		0E4406EE1578682700D7D8A3 /* TicketViewController.h */ = {isa = PBXFileReference; fileEncoding = 4; lastKnownFileType = sourcecode.c.h; path = TicketViewController.h; sourceTree = "<group>"; };
		0E4406EF1578682700D7D8A3 /* TicketViewController.m */ = {isa = PBXFileReference; fileEncoding = 4; lastKnownFileType = sourcecode.c.objc; path = TicketViewController.m; sourceTree = "<group>"; };
		0E61959A157FEB25003F1672 /* TicketOverviewViewController.h */ = {isa = PBXFileReference; fileEncoding = 4; lastKnownFileType = sourcecode.c.h; path = TicketOverviewViewController.h; sourceTree = "<group>"; };
		0E61959B157FEB25003F1672 /* TicketOverviewViewController.m */ = {isa = PBXFileReference; fileEncoding = 4; lastKnownFileType = sourcecode.c.objc; path = TicketOverviewViewController.m; sourceTree = "<group>"; };
		0E61959D157FEB69003F1672 /* VoteViewController.h */ = {isa = PBXFileReference; fileEncoding = 4; lastKnownFileType = sourcecode.c.h; path = VoteViewController.h; sourceTree = "<group>"; };
		0E61959E157FEB69003F1672 /* VoteViewController.m */ = {isa = PBXFileReference; fileEncoding = 4; lastKnownFileType = sourcecode.c.objc; path = VoteViewController.m; sourceTree = "<group>"; };
		0E675700157A987500690B98 /* Candidate.h */ = {isa = PBXFileReference; fileEncoding = 4; lastKnownFileType = sourcecode.c.h; path = Candidate.h; sourceTree = "<group>"; };
		0E675701157A987500690B98 /* Candidate.m */ = {isa = PBXFileReference; fileEncoding = 4; lastKnownFileType = sourcecode.c.objc; path = Candidate.m; sourceTree = "<group>"; };
		0E764D6F153219100025F490 /* PlayerRequestViewController.h */ = {isa = PBXFileReference; fileEncoding = 4; lastKnownFileType = sourcecode.c.h; path = PlayerRequestViewController.h; sourceTree = "<group>"; };
		0E764D70153219100025F490 /* PlayerRequestViewController.m */ = {isa = PBXFileReference; fileEncoding = 4; lastKnownFileType = sourcecode.c.objc; path = PlayerRequestViewController.m; sourceTree = "<group>"; };
		0E764D7315321EA20025F490 /* Facebook.h */ = {isa = PBXFileReference; fileEncoding = 4; lastKnownFileType = sourcecode.c.h; path = Facebook.h; sourceTree = "<group>"; };
		0E764D7415321EA20025F490 /* FBConnect.h */ = {isa = PBXFileReference; fileEncoding = 4; lastKnownFileType = sourcecode.c.h; path = FBConnect.h; sourceTree = "<group>"; };
		0E764D7515321EA20025F490 /* FBDialog.bundle */ = {isa = PBXFileReference; lastKnownFileType = "wrapper.plug-in"; path = FBDialog.bundle; sourceTree = "<group>"; };
		0E764D7615321EA20025F490 /* FBDialog.h */ = {isa = PBXFileReference; fileEncoding = 4; lastKnownFileType = sourcecode.c.h; path = FBDialog.h; sourceTree = "<group>"; };
		0E764D7715321EA20025F490 /* FBFrictionlessRequestSettings.h */ = {isa = PBXFileReference; fileEncoding = 4; lastKnownFileType = sourcecode.c.h; path = FBFrictionlessRequestSettings.h; sourceTree = "<group>"; };
		0E764D7815321EA20025F490 /* FBLoginDialog.h */ = {isa = PBXFileReference; fileEncoding = 4; lastKnownFileType = sourcecode.c.h; path = FBLoginDialog.h; sourceTree = "<group>"; };
		0E764D7915321EA20025F490 /* FBRequest.h */ = {isa = PBXFileReference; fileEncoding = 4; lastKnownFileType = sourcecode.c.h; path = FBRequest.h; sourceTree = "<group>"; };
		0E764D7A15321EA20025F490 /* JSON.h */ = {isa = PBXFileReference; fileEncoding = 4; lastKnownFileType = sourcecode.c.h; path = JSON.h; sourceTree = "<group>"; };
		0E764D7B15321EA20025F490 /* libfacebook_ios_sdk.a */ = {isa = PBXFileReference; lastKnownFileType = archive.ar; path = libfacebook_ios_sdk.a; sourceTree = "<group>"; };
		0E764D7C15321EA20025F490 /* NSObject+SBJSON.h */ = {isa = PBXFileReference; fileEncoding = 4; lastKnownFileType = sourcecode.c.h; path = "NSObject+SBJSON.h"; sourceTree = "<group>"; };
		0E764D7D15321EA20025F490 /* NSString+SBJSON.h */ = {isa = PBXFileReference; fileEncoding = 4; lastKnownFileType = sourcecode.c.h; path = "NSString+SBJSON.h"; sourceTree = "<group>"; };
		0E764D7E15321EA20025F490 /* SBJSON.h */ = {isa = PBXFileReference; fileEncoding = 4; lastKnownFileType = sourcecode.c.h; path = SBJSON.h; sourceTree = "<group>"; };
		0E764D7F15321EA20025F490 /* SBJsonBase.h */ = {isa = PBXFileReference; fileEncoding = 4; lastKnownFileType = sourcecode.c.h; path = SBJsonBase.h; sourceTree = "<group>"; };
		0E764D8015321EA20025F490 /* SBJsonParser.h */ = {isa = PBXFileReference; fileEncoding = 4; lastKnownFileType = sourcecode.c.h; path = SBJsonParser.h; sourceTree = "<group>"; };
		0E764D8115321EA20025F490 /* SBJsonWriter.h */ = {isa = PBXFileReference; fileEncoding = 4; lastKnownFileType = sourcecode.c.h; path = SBJsonWriter.h; sourceTree = "<group>"; };
		0E7BC1BC152A0BE600BCE387 /* CardTableViewCell.xib */ = {isa = PBXFileReference; fileEncoding = 4; lastKnownFileType = file.xib; path = CardTableViewCell.xib; sourceTree = "<group>"; };
		0E7BC1BF152A0F5600BCE387 /* default_list_user.png */ = {isa = PBXFileReference; lastKnownFileType = image.png; path = default_list_user.png; sourceTree = "<group>"; };
		0E7BC1C1152A0F5C00BCE387 /* default_list_user@2x.png */ = {isa = PBXFileReference; lastKnownFileType = image.png; path = "default_list_user@2x.png"; sourceTree = "<group>"; };
		0E7BC1E6152A16BE00BCE387 /* CFNetwork.framework */ = {isa = PBXFileReference; lastKnownFileType = wrapper.framework; name = CFNetwork.framework; path = System/Library/Frameworks/CFNetwork.framework; sourceTree = SDKROOT; };
		0E7BC1E8152A16C800BCE387 /* SystemConfiguration.framework */ = {isa = PBXFileReference; lastKnownFileType = wrapper.framework; name = SystemConfiguration.framework; path = System/Library/Frameworks/SystemConfiguration.framework; sourceTree = SDKROOT; };
		0E7BC1EA152A16D200BCE387 /* MobileCoreServices.framework */ = {isa = PBXFileReference; lastKnownFileType = wrapper.framework; name = MobileCoreServices.framework; path = System/Library/Frameworks/MobileCoreServices.framework; sourceTree = SDKROOT; };
		0E7BC1EC152A16E600BCE387 /* libz.dylib */ = {isa = PBXFileReference; lastKnownFileType = "compiled.mach-o.dylib"; name = libz.dylib; path = usr/lib/libz.dylib; sourceTree = SDKROOT; };
		0E7BC1F6152A1B3100BCE387 /* Constant.h */ = {isa = PBXFileReference; fileEncoding = 4; lastKnownFileType = sourcecode.c.h; path = Constant.h; sourceTree = "<group>"; };
		0E7BC1F7152A1B3100BCE387 /* Constant.m */ = {isa = PBXFileReference; fileEncoding = 4; lastKnownFileType = sourcecode.c.objc; path = Constant.m; sourceTree = "<group>"; };
		0E7BC237152A4D9B00BCE387 /* Security.framework */ = {isa = PBXFileReference; lastKnownFileType = wrapper.framework; name = Security.framework; path = System/Library/Frameworks/Security.framework; sourceTree = SDKROOT; };
		0E7BC239152A4DB400BCE387 /* QuartzCore.framework */ = {isa = PBXFileReference; lastKnownFileType = wrapper.framework; name = QuartzCore.framework; path = System/Library/Frameworks/QuartzCore.framework; sourceTree = SDKROOT; };
		0E7BC23B152A4DCD00BCE387 /* CoreData.framework */ = {isa = PBXFileReference; lastKnownFileType = wrapper.framework; name = CoreData.framework; path = System/Library/Frameworks/CoreData.framework; sourceTree = SDKROOT; };
		0E7BC23D152A4DE200BCE387 /* libxml2.dylib */ = {isa = PBXFileReference; lastKnownFileType = "compiled.mach-o.dylib"; name = libxml2.dylib; path = usr/lib/libxml2.dylib; sourceTree = SDKROOT; };
		0E7BC293152BCFD600BCE387 /* Round.h */ = {isa = PBXFileReference; fileEncoding = 4; lastKnownFileType = sourcecode.c.h; path = Round.h; sourceTree = "<group>"; };
		0E7BC294152BCFD600BCE387 /* Round.m */ = {isa = PBXFileReference; fileEncoding = 4; lastKnownFileType = sourcecode.c.objc; path = Round.m; sourceTree = "<group>"; };
		0E84B82F158A352A006B9AE5 /* TicketViewController.xib */ = {isa = PBXFileReference; fileEncoding = 4; lastKnownFileType = file.xib; path = TicketViewController.xib; sourceTree = "<group>"; };
		0E84B834158A5379006B9AE5 /* TableViewTextField.h */ = {isa = PBXFileReference; fileEncoding = 4; lastKnownFileType = sourcecode.c.h; path = TableViewTextField.h; sourceTree = "<group>"; };
		0E84B835158A5379006B9AE5 /* TableViewTextField.m */ = {isa = PBXFileReference; fileEncoding = 4; lastKnownFileType = sourcecode.c.objc; path = TableViewTextField.m; sourceTree = "<group>"; };
		0EA6C514154107C000D23777 /* GameViewController.h */ = {isa = PBXFileReference; fileEncoding = 4; lastKnownFileType = sourcecode.c.h; path = GameViewController.h; sourceTree = "<group>"; };
		0EA6C515154107C000D23777 /* GameViewController.m */ = {isa = PBXFileReference; fileEncoding = 4; lastKnownFileType = sourcecode.c.objc; path = GameViewController.m; sourceTree = "<group>"; };
		0EBA0D5215797CBC00BB55BC /* underline@2x.png */ = {isa = PBXFileReference; lastKnownFileType = image.png; path = "underline@2x.png"; sourceTree = "<group>"; };
		0EBA0D5315797CBC00BB55BC /* underline.png */ = {isa = PBXFileReference; lastKnownFileType = image.png; path = underline.png; sourceTree = "<group>"; };
		0ED13895157FC24E00F400BF /* ScrollViewWithPaging.h */ = {isa = PBXFileReference; fileEncoding = 4; lastKnownFileType = sourcecode.c.h; path = ScrollViewWithPaging.h; sourceTree = "<group>"; };
		0ED13896157FC24E00F400BF /* ScrollViewWithPaging.m */ = {isa = PBXFileReference; fileEncoding = 4; lastKnownFileType = sourcecode.c.objc; path = ScrollViewWithPaging.m; sourceTree = "<group>"; };
		0EE3D61214FEB63500E4A0CE /* madballots.app */ = {isa = PBXFileReference; explicitFileType = wrapper.application; includeInIndex = 0; path = madballots.app; sourceTree = BUILT_PRODUCTS_DIR; };
		0EE3D61614FEB63500E4A0CE /* UIKit.framework */ = {isa = PBXFileReference; lastKnownFileType = wrapper.framework; name = UIKit.framework; path = System/Library/Frameworks/UIKit.framework; sourceTree = SDKROOT; };
		0EE3D61814FEB63500E4A0CE /* Foundation.framework */ = {isa = PBXFileReference; lastKnownFileType = wrapper.framework; name = Foundation.framework; path = System/Library/Frameworks/Foundation.framework; sourceTree = SDKROOT; };
		0EE3D61A14FEB63500E4A0CE /* CoreGraphics.framework */ = {isa = PBXFileReference; lastKnownFileType = wrapper.framework; name = CoreGraphics.framework; path = System/Library/Frameworks/CoreGraphics.framework; sourceTree = SDKROOT; };
		0EE3D61E14FEB63500E4A0CE /* Mad Ballots-Info.plist */ = {isa = PBXFileReference; lastKnownFileType = text.plist.xml; path = "Mad Ballots-Info.plist"; sourceTree = "<group>"; };
		0EE3D62014FEB63500E4A0CE /* en */ = {isa = PBXFileReference; lastKnownFileType = text.plist.strings; name = en; path = en.lproj/InfoPlist.strings; sourceTree = "<group>"; };
		0EE3D62214FEB63500E4A0CE /* main.m */ = {isa = PBXFileReference; lastKnownFileType = sourcecode.c.objc; path = main.m; sourceTree = "<group>"; };
		0EE3D62414FEB63500E4A0CE /* Mad Ballots-Prefix.pch */ = {isa = PBXFileReference; lastKnownFileType = sourcecode.c.h; path = "Mad Ballots-Prefix.pch"; sourceTree = "<group>"; };
		0EE3D62514FEB63500E4A0CE /* AppDelegate.h */ = {isa = PBXFileReference; lastKnownFileType = sourcecode.c.h; path = AppDelegate.h; sourceTree = "<group>"; };
		0EE3D62614FEB63500E4A0CE /* AppDelegate.m */ = {isa = PBXFileReference; lastKnownFileType = sourcecode.c.objc; path = AppDelegate.m; sourceTree = "<group>"; };
		0EE3D62914FEB63500E4A0CE /* en */ = {isa = PBXFileReference; lastKnownFileType = file.storyboard; name = en; path = en.lproj/MainStoryboard.storyboard; sourceTree = "<group>"; };
		0EE3D62B14FEB63500E4A0CE /* GamesViewController.h */ = {isa = PBXFileReference; lastKnownFileType = sourcecode.c.h; path = GamesViewController.h; sourceTree = "<group>"; };
		0EE3D62C14FEB63500E4A0CE /* GamesViewController.m */ = {isa = PBXFileReference; lastKnownFileType = sourcecode.c.objc; path = GamesViewController.m; sourceTree = "<group>"; };
		0EE3D63714FEB63500E4A0CE /* SenTestingKit.framework */ = {isa = PBXFileReference; lastKnownFileType = wrapper.framework; name = SenTestingKit.framework; path = Library/Frameworks/SenTestingKit.framework; sourceTree = DEVELOPER_DIR; };
		0EE3D63F14FEB63500E4A0CE /* Mad BallotsTests-Info.plist */ = {isa = PBXFileReference; lastKnownFileType = text.plist.xml; path = "Mad BallotsTests-Info.plist"; sourceTree = "<group>"; };
		0EE3D64114FEB63500E4A0CE /* en */ = {isa = PBXFileReference; lastKnownFileType = text.plist.strings; name = en; path = en.lproj/InfoPlist.strings; sourceTree = "<group>"; };
		0EE3D64314FEB63500E4A0CE /* Mad_BallotsTests.h */ = {isa = PBXFileReference; lastKnownFileType = sourcecode.c.h; path = Mad_BallotsTests.h; sourceTree = "<group>"; };
		0EE3D64414FEB63500E4A0CE /* Mad_BallotsTests.m */ = {isa = PBXFileReference; lastKnownFileType = sourcecode.c.objc; path = Mad_BallotsTests.m; sourceTree = "<group>"; };
		0EE3D66314FECBB300E4A0CE /* Game.h */ = {isa = PBXFileReference; fileEncoding = 4; lastKnownFileType = sourcecode.c.h; path = Game.h; sourceTree = "<group>"; };
		0EE3D66414FECBB300E4A0CE /* Game.m */ = {isa = PBXFileReference; fileEncoding = 4; lastKnownFileType = sourcecode.c.objc; path = Game.m; sourceTree = "<group>"; };
		0EF7163015801C8700B70954 /* Contestant.h */ = {isa = PBXFileReference; fileEncoding = 4; lastKnownFileType = sourcecode.c.h; path = Contestant.h; sourceTree = "<group>"; };
		0EF7163115801C8700B70954 /* Contestant.m */ = {isa = PBXFileReference; fileEncoding = 4; lastKnownFileType = sourcecode.c.objc; path = Contestant.m; sourceTree = "<group>"; };
		0EFD327715A9EF1300785BC3 /* TicketResultViewController.xib */ = {isa = PBXFileReference; fileEncoding = 4; lastKnownFileType = file.xib; path = TicketResultViewController.xib; sourceTree = "<group>"; };
		0EFD327E15A9FB9D00785BC3 /* _CPTConstraintsFixed.h */ = {isa = PBXFileReference; fileEncoding = 4; lastKnownFileType = sourcecode.c.h; path = _CPTConstraintsFixed.h; sourceTree = "<group>"; };
		0EFD327F15A9FB9D00785BC3 /* _CPTConstraintsRelative.h */ = {isa = PBXFileReference; fileEncoding = 4; lastKnownFileType = sourcecode.c.h; path = _CPTConstraintsRelative.h; sourceTree = "<group>"; };
		0EFD328015A9FB9D00785BC3 /* _CPTDarkGradientTheme.h */ = {isa = PBXFileReference; fileEncoding = 4; lastKnownFileType = sourcecode.c.h; path = _CPTDarkGradientTheme.h; sourceTree = "<group>"; };
		0EFD328115A9FB9D00785BC3 /* _CPTFillColor.h */ = {isa = PBXFileReference; fileEncoding = 4; lastKnownFileType = sourcecode.c.h; path = _CPTFillColor.h; sourceTree = "<group>"; };
		0EFD328215A9FB9D00785BC3 /* _CPTFillGradient.h */ = {isa = PBXFileReference; fileEncoding = 4; lastKnownFileType = sourcecode.c.h; path = _CPTFillGradient.h; sourceTree = "<group>"; };
		0EFD328315A9FB9D00785BC3 /* _CPTFillImage.h */ = {isa = PBXFileReference; fileEncoding = 4; lastKnownFileType = sourcecode.c.h; path = _CPTFillImage.h; sourceTree = "<group>"; };
		0EFD328415A9FB9D00785BC3 /* _CPTPlainBlackTheme.h */ = {isa = PBXFileReference; fileEncoding = 4; lastKnownFileType = sourcecode.c.h; path = _CPTPlainBlackTheme.h; sourceTree = "<group>"; };
		0EFD328515A9FB9D00785BC3 /* _CPTPlainWhiteTheme.h */ = {isa = PBXFileReference; fileEncoding = 4; lastKnownFileType = sourcecode.c.h; path = _CPTPlainWhiteTheme.h; sourceTree = "<group>"; };
		0EFD328615A9FB9D00785BC3 /* _CPTSlateTheme.h */ = {isa = PBXFileReference; fileEncoding = 4; lastKnownFileType = sourcecode.c.h; path = _CPTSlateTheme.h; sourceTree = "<group>"; };
		0EFD328715A9FB9D00785BC3 /* _CPTStocksTheme.h */ = {isa = PBXFileReference; fileEncoding = 4; lastKnownFileType = sourcecode.c.h; path = _CPTStocksTheme.h; sourceTree = "<group>"; };
		0EFD328815A9FB9D00785BC3 /* _CPTXYTheme.h */ = {isa = PBXFileReference; fileEncoding = 4; lastKnownFileType = sourcecode.c.h; path = _CPTXYTheme.h; sourceTree = "<group>"; };
		0EFD328915A9FB9D00785BC3 /* CorePlot-CocoaTouch.h */ = {isa = PBXFileReference; fileEncoding = 4; lastKnownFileType = sourcecode.c.h; path = "CorePlot-CocoaTouch.h"; sourceTree = "<group>"; };
		0EFD328A15A9FB9D00785BC3 /* CPTAnnotation.h */ = {isa = PBXFileReference; fileEncoding = 4; lastKnownFileType = sourcecode.c.h; path = CPTAnnotation.h; sourceTree = "<group>"; };
		0EFD328B15A9FB9D00785BC3 /* CPTAnnotationHostLayer.h */ = {isa = PBXFileReference; fileEncoding = 4; lastKnownFileType = sourcecode.c.h; path = CPTAnnotationHostLayer.h; sourceTree = "<group>"; };
		0EFD328C15A9FB9D00785BC3 /* CPTAxis.h */ = {isa = PBXFileReference; fileEncoding = 4; lastKnownFileType = sourcecode.c.h; path = CPTAxis.h; sourceTree = "<group>"; };
		0EFD328D15A9FB9D00785BC3 /* CPTAxisLabel.h */ = {isa = PBXFileReference; fileEncoding = 4; lastKnownFileType = sourcecode.c.h; path = CPTAxisLabel.h; sourceTree = "<group>"; };
		0EFD328E15A9FB9D00785BC3 /* CPTAxisLabelGroup.h */ = {isa = PBXFileReference; fileEncoding = 4; lastKnownFileType = sourcecode.c.h; path = CPTAxisLabelGroup.h; sourceTree = "<group>"; };
		0EFD328F15A9FB9D00785BC3 /* CPTAxisSet.h */ = {isa = PBXFileReference; fileEncoding = 4; lastKnownFileType = sourcecode.c.h; path = CPTAxisSet.h; sourceTree = "<group>"; };
		0EFD329015A9FB9D00785BC3 /* CPTAxisTitle.h */ = {isa = PBXFileReference; fileEncoding = 4; lastKnownFileType = sourcecode.c.h; path = CPTAxisTitle.h; sourceTree = "<group>"; };
		0EFD329115A9FB9D00785BC3 /* CPTBarPlot.h */ = {isa = PBXFileReference; fileEncoding = 4; lastKnownFileType = sourcecode.c.h; path = CPTBarPlot.h; sourceTree = "<group>"; };
		0EFD329215A9FB9D00785BC3 /* CPTBorderedLayer.h */ = {isa = PBXFileReference; fileEncoding = 4; lastKnownFileType = sourcecode.c.h; path = CPTBorderedLayer.h; sourceTree = "<group>"; };
		0EFD329315A9FB9D00785BC3 /* CPTColor.h */ = {isa = PBXFileReference; fileEncoding = 4; lastKnownFileType = sourcecode.c.h; path = CPTColor.h; sourceTree = "<group>"; };
		0EFD329415A9FB9D00785BC3 /* CPTColorSpace.h */ = {isa = PBXFileReference; fileEncoding = 4; lastKnownFileType = sourcecode.c.h; path = CPTColorSpace.h; sourceTree = "<group>"; };
		0EFD329515A9FB9D00785BC3 /* CPTConstraints.h */ = {isa = PBXFileReference; fileEncoding = 4; lastKnownFileType = sourcecode.c.h; path = CPTConstraints.h; sourceTree = "<group>"; };
		0EFD329615A9FB9D00785BC3 /* CPTDefinitions.h */ = {isa = PBXFileReference; fileEncoding = 4; lastKnownFileType = sourcecode.c.h; path = CPTDefinitions.h; sourceTree = "<group>"; };
		0EFD329715A9FB9D00785BC3 /* CPTExceptions.h */ = {isa = PBXFileReference; fileEncoding = 4; lastKnownFileType = sourcecode.c.h; path = CPTExceptions.h; sourceTree = "<group>"; };
		0EFD329815A9FB9D00785BC3 /* CPTFill.h */ = {isa = PBXFileReference; fileEncoding = 4; lastKnownFileType = sourcecode.c.h; path = CPTFill.h; sourceTree = "<group>"; };
		0EFD329915A9FB9D00785BC3 /* CPTGradient.h */ = {isa = PBXFileReference; fileEncoding = 4; lastKnownFileType = sourcecode.c.h; path = CPTGradient.h; sourceTree = "<group>"; };
		0EFD329A15A9FB9D00785BC3 /* CPTGraph.h */ = {isa = PBXFileReference; fileEncoding = 4; lastKnownFileType = sourcecode.c.h; path = CPTGraph.h; sourceTree = "<group>"; };
		0EFD329B15A9FB9D00785BC3 /* CPTGraphHostingView.h */ = {isa = PBXFileReference; fileEncoding = 4; lastKnownFileType = sourcecode.c.h; path = CPTGraphHostingView.h; sourceTree = "<group>"; };
		0EFD329C15A9FB9D00785BC3 /* CPTGridLineGroup.h */ = {isa = PBXFileReference; fileEncoding = 4; lastKnownFileType = sourcecode.c.h; path = CPTGridLineGroup.h; sourceTree = "<group>"; };
		0EFD329D15A9FB9D00785BC3 /* CPTGridLines.h */ = {isa = PBXFileReference; fileEncoding = 4; lastKnownFileType = sourcecode.c.h; path = CPTGridLines.h; sourceTree = "<group>"; };
		0EFD329E15A9FB9D00785BC3 /* CPTImage.h */ = {isa = PBXFileReference; fileEncoding = 4; lastKnownFileType = sourcecode.c.h; path = CPTImage.h; sourceTree = "<group>"; };
		0EFD329F15A9FB9D00785BC3 /* CPTLayer.h */ = {isa = PBXFileReference; fileEncoding = 4; lastKnownFileType = sourcecode.c.h; path = CPTLayer.h; sourceTree = "<group>"; };
		0EFD32A015A9FB9D00785BC3 /* CPTLayerAnnotation.h */ = {isa = PBXFileReference; fileEncoding = 4; lastKnownFileType = sourcecode.c.h; path = CPTLayerAnnotation.h; sourceTree = "<group>"; };
		0EFD32A115A9FB9D00785BC3 /* CPTLegend.h */ = {isa = PBXFileReference; fileEncoding = 4; lastKnownFileType = sourcecode.c.h; path = CPTLegend.h; sourceTree = "<group>"; };
		0EFD32A215A9FB9D00785BC3 /* CPTLegendEntry.h */ = {isa = PBXFileReference; fileEncoding = 4; lastKnownFileType = sourcecode.c.h; path = CPTLegendEntry.h; sourceTree = "<group>"; };
		0EFD32A315A9FB9D00785BC3 /* CPTLimitBand.h */ = {isa = PBXFileReference; fileEncoding = 4; lastKnownFileType = sourcecode.c.h; path = CPTLimitBand.h; sourceTree = "<group>"; };
		0EFD32A415A9FB9D00785BC3 /* CPTLineCap.h */ = {isa = PBXFileReference; fileEncoding = 4; lastKnownFileType = sourcecode.c.h; path = CPTLineCap.h; sourceTree = "<group>"; };
		0EFD32A515A9FB9D00785BC3 /* CPTLineStyle.h */ = {isa = PBXFileReference; fileEncoding = 4; lastKnownFileType = sourcecode.c.h; path = CPTLineStyle.h; sourceTree = "<group>"; };
		0EFD32A615A9FB9D00785BC3 /* CPTMutableLineStyle.h */ = {isa = PBXFileReference; fileEncoding = 4; lastKnownFileType = sourcecode.c.h; path = CPTMutableLineStyle.h; sourceTree = "<group>"; };
		0EFD32A715A9FB9D00785BC3 /* CPTMutableNumericData+TypeConversion.h */ = {isa = PBXFileReference; fileEncoding = 4; lastKnownFileType = sourcecode.c.h; path = "CPTMutableNumericData+TypeConversion.h"; sourceTree = "<group>"; };
		0EFD32A815A9FB9D00785BC3 /* CPTMutableNumericData.h */ = {isa = PBXFileReference; fileEncoding = 4; lastKnownFileType = sourcecode.c.h; path = CPTMutableNumericData.h; sourceTree = "<group>"; };
		0EFD32A915A9FB9D00785BC3 /* CPTMutablePlotRange.h */ = {isa = PBXFileReference; fileEncoding = 4; lastKnownFileType = sourcecode.c.h; path = CPTMutablePlotRange.h; sourceTree = "<group>"; };
		0EFD32AA15A9FB9D00785BC3 /* CPTMutableShadow.h */ = {isa = PBXFileReference; fileEncoding = 4; lastKnownFileType = sourcecode.c.h; path = CPTMutableShadow.h; sourceTree = "<group>"; };
		0EFD32AB15A9FB9D00785BC3 /* CPTMutableTextStyle.h */ = {isa = PBXFileReference; fileEncoding = 4; lastKnownFileType = sourcecode.c.h; path = CPTMutableTextStyle.h; sourceTree = "<group>"; };
		0EFD32AC15A9FB9D00785BC3 /* CPTNumericData+TypeConversion.h */ = {isa = PBXFileReference; fileEncoding = 4; lastKnownFileType = sourcecode.c.h; path = "CPTNumericData+TypeConversion.h"; sourceTree = "<group>"; };
		0EFD32AD15A9FB9D00785BC3 /* CPTNumericData.h */ = {isa = PBXFileReference; fileEncoding = 4; lastKnownFileType = sourcecode.c.h; path = CPTNumericData.h; sourceTree = "<group>"; };
		0EFD32AE15A9FB9D00785BC3 /* CPTNumericDataType.h */ = {isa = PBXFileReference; fileEncoding = 4; lastKnownFileType = sourcecode.c.h; path = CPTNumericDataType.h; sourceTree = "<group>"; };
		0EFD32AF15A9FB9D00785BC3 /* CPTPathExtensions.h */ = {isa = PBXFileReference; fileEncoding = 4; lastKnownFileType = sourcecode.c.h; path = CPTPathExtensions.h; sourceTree = "<group>"; };
		0EFD32B015A9FB9D00785BC3 /* CPTPieChart.h */ = {isa = PBXFileReference; fileEncoding = 4; lastKnownFileType = sourcecode.c.h; path = CPTPieChart.h; sourceTree = "<group>"; };
		0EFD32B115A9FB9D00785BC3 /* CPTPlatformSpecificCategories.h */ = {isa = PBXFileReference; fileEncoding = 4; lastKnownFileType = sourcecode.c.h; path = CPTPlatformSpecificCategories.h; sourceTree = "<group>"; };
		0EFD32B215A9FB9D00785BC3 /* CPTPlatformSpecificDefines.h */ = {isa = PBXFileReference; fileEncoding = 4; lastKnownFileType = sourcecode.c.h; path = CPTPlatformSpecificDefines.h; sourceTree = "<group>"; };
		0EFD32B315A9FB9D00785BC3 /* CPTPlatformSpecificFunctions.h */ = {isa = PBXFileReference; fileEncoding = 4; lastKnownFileType = sourcecode.c.h; path = CPTPlatformSpecificFunctions.h; sourceTree = "<group>"; };
		0EFD32B415A9FB9D00785BC3 /* CPTPlot.h */ = {isa = PBXFileReference; fileEncoding = 4; lastKnownFileType = sourcecode.c.h; path = CPTPlot.h; sourceTree = "<group>"; };
		0EFD32B515A9FB9D00785BC3 /* CPTPlotArea.h */ = {isa = PBXFileReference; fileEncoding = 4; lastKnownFileType = sourcecode.c.h; path = CPTPlotArea.h; sourceTree = "<group>"; };
		0EFD32B615A9FB9D00785BC3 /* CPTPlotAreaFrame.h */ = {isa = PBXFileReference; fileEncoding = 4; lastKnownFileType = sourcecode.c.h; path = CPTPlotAreaFrame.h; sourceTree = "<group>"; };
		0EFD32B715A9FB9D00785BC3 /* CPTPlotGroup.h */ = {isa = PBXFileReference; fileEncoding = 4; lastKnownFileType = sourcecode.c.h; path = CPTPlotGroup.h; sourceTree = "<group>"; };
		0EFD32B815A9FB9D00785BC3 /* CPTPlotRange.h */ = {isa = PBXFileReference; fileEncoding = 4; lastKnownFileType = sourcecode.c.h; path = CPTPlotRange.h; sourceTree = "<group>"; };
		0EFD32B915A9FB9D00785BC3 /* CPTPlotSpace.h */ = {isa = PBXFileReference; fileEncoding = 4; lastKnownFileType = sourcecode.c.h; path = CPTPlotSpace.h; sourceTree = "<group>"; };
		0EFD32BA15A9FB9D00785BC3 /* CPTPlotSpaceAnnotation.h */ = {isa = PBXFileReference; fileEncoding = 4; lastKnownFileType = sourcecode.c.h; path = CPTPlotSpaceAnnotation.h; sourceTree = "<group>"; };
		0EFD32BB15A9FB9D00785BC3 /* CPTPlotSymbol.h */ = {isa = PBXFileReference; fileEncoding = 4; lastKnownFileType = sourcecode.c.h; path = CPTPlotSymbol.h; sourceTree = "<group>"; };
		0EFD32BC15A9FB9D00785BC3 /* CPTRangePlot.h */ = {isa = PBXFileReference; fileEncoding = 4; lastKnownFileType = sourcecode.c.h; path = CPTRangePlot.h; sourceTree = "<group>"; };
		0EFD32BD15A9FB9D00785BC3 /* CPTResponder.h */ = {isa = PBXFileReference; fileEncoding = 4; lastKnownFileType = sourcecode.c.h; path = CPTResponder.h; sourceTree = "<group>"; };
		0EFD32BE15A9FB9D00785BC3 /* CPTScatterPlot.h */ = {isa = PBXFileReference; fileEncoding = 4; lastKnownFileType = sourcecode.c.h; path = CPTScatterPlot.h; sourceTree = "<group>"; };
		0EFD32BF15A9FB9D00785BC3 /* CPTShadow.h */ = {isa = PBXFileReference; fileEncoding = 4; lastKnownFileType = sourcecode.c.h; path = CPTShadow.h; sourceTree = "<group>"; };
		0EFD32C015A9FB9D00785BC3 /* CPTTextLayer.h */ = {isa = PBXFileReference; fileEncoding = 4; lastKnownFileType = sourcecode.c.h; path = CPTTextLayer.h; sourceTree = "<group>"; };
		0EFD32C115A9FB9D00785BC3 /* CPTTextStyle.h */ = {isa = PBXFileReference; fileEncoding = 4; lastKnownFileType = sourcecode.c.h; path = CPTTextStyle.h; sourceTree = "<group>"; };
		0EFD32C215A9FB9D00785BC3 /* CPTTheme.h */ = {isa = PBXFileReference; fileEncoding = 4; lastKnownFileType = sourcecode.c.h; path = CPTTheme.h; sourceTree = "<group>"; };
		0EFD32C315A9FB9D00785BC3 /* CPTTimeFormatter.h */ = {isa = PBXFileReference; fileEncoding = 4; lastKnownFileType = sourcecode.c.h; path = CPTTimeFormatter.h; sourceTree = "<group>"; };
		0EFD32C415A9FB9D00785BC3 /* CPTTradingRangePlot.h */ = {isa = PBXFileReference; fileEncoding = 4; lastKnownFileType = sourcecode.c.h; path = CPTTradingRangePlot.h; sourceTree = "<group>"; };
		0EFD32C515A9FB9D00785BC3 /* CPTUtilities.h */ = {isa = PBXFileReference; fileEncoding = 4; lastKnownFileType = sourcecode.c.h; path = CPTUtilities.h; sourceTree = "<group>"; };
		0EFD32C615A9FB9D00785BC3 /* CPTXYAxis.h */ = {isa = PBXFileReference; fileEncoding = 4; lastKnownFileType = sourcecode.c.h; path = CPTXYAxis.h; sourceTree = "<group>"; };
		0EFD32C715A9FB9D00785BC3 /* CPTXYAxisSet.h */ = {isa = PBXFileReference; fileEncoding = 4; lastKnownFileType = sourcecode.c.h; path = CPTXYAxisSet.h; sourceTree = "<group>"; };
		0EFD32C815A9FB9D00785BC3 /* CPTXYGraph.h */ = {isa = PBXFileReference; fileEncoding = 4; lastKnownFileType = sourcecode.c.h; path = CPTXYGraph.h; sourceTree = "<group>"; };
		0EFD32C915A9FB9D00785BC3 /* CPTXYPlotSpace.h */ = {isa = PBXFileReference; fileEncoding = 4; lastKnownFileType = sourcecode.c.h; path = CPTXYPlotSpace.h; sourceTree = "<group>"; };
		0EFD32CA15A9FB9D00785BC3 /* NSCoderExtensions.h */ = {isa = PBXFileReference; fileEncoding = 4; lastKnownFileType = sourcecode.c.h; path = NSCoderExtensions.h; sourceTree = "<group>"; };
		0EFD32CB15A9FB9D00785BC3 /* NSDecimalNumberExtensions.h */ = {isa = PBXFileReference; fileEncoding = 4; lastKnownFileType = sourcecode.c.h; path = NSDecimalNumberExtensions.h; sourceTree = "<group>"; };
		0EFD32CC15A9FB9D00785BC3 /* NSNumberExtensions.h */ = {isa = PBXFileReference; fileEncoding = 4; lastKnownFileType = sourcecode.c.h; path = NSNumberExtensions.h; sourceTree = "<group>"; };
		0EFD32CD15A9FB9D00785BC3 /* libCorePlot-CocoaTouch.a */ = {isa = PBXFileReference; lastKnownFileType = archive.ar; name = "libCorePlot-CocoaTouch.a"; path = "Mad Ballots/libCorePlot-CocoaTouch.a"; sourceTree = "<group>"; };
		681188E7154F762D007B323B /* MBPlayerViewController.h */ = {isa = PBXFileReference; fileEncoding = 4; lastKnownFileType = sourcecode.c.h; path = MBPlayerViewController.h; sourceTree = "<group>"; };
		681188E8154F762D007B323B /* MBPlayerViewController.m */ = {isa = PBXFileReference; fileEncoding = 4; lastKnownFileType = sourcecode.c.objc; path = MBPlayerViewController.m; sourceTree = "<group>"; };
		681765891884EF1A0077321B /* MBNetworkErrorViewController.h */ = {isa = PBXFileReference; fileEncoding = 4; lastKnownFileType = sourcecode.c.h; path = MBNetworkErrorViewController.h; sourceTree = "<group>"; };
		6817658A1884EF1A0077321B /* MBNetworkErrorViewController.m */ = {isa = PBXFileReference; fileEncoding = 4; lastKnownFileType = sourcecode.c.objc; path = MBNetworkErrorViewController.m; sourceTree = "<group>"; };
		6817658B1884EF1A0077321B /* MBNetworkErrorViewController.xib */ = {isa = PBXFileReference; fileEncoding = 4; lastKnownFileType = file.xib; path = MBNetworkErrorViewController.xib; sourceTree = "<group>"; };
		6817658E1884EF530077321B /* mad_ballots_network_error.png */ = {isa = PBXFileReference; lastKnownFileType = image.png; path = mad_ballots_network_error.png; sourceTree = SOURCE_ROOT; };
		6831FB471561FBCA0093AFB3 /* MBAuthentication.h */ = {isa = PBXFileReference; fileEncoding = 4; lastKnownFileType = sourcecode.c.h; path = MBAuthentication.h; sourceTree = "<group>"; };
		6831FB481561FBCA0093AFB3 /* MBAuthentication.m */ = {isa = PBXFileReference; fileEncoding = 4; lastKnownFileType = sourcecode.c.objc; path = MBAuthentication.m; sourceTree = "<group>"; };
		6831FB4B1561FF3A0093AFB3 /* MBAuthenticationInfo.h */ = {isa = PBXFileReference; fileEncoding = 4; lastKnownFileType = sourcecode.c.h; path = MBAuthenticationInfo.h; sourceTree = "<group>"; };
		6831FB4C1561FF3A0093AFB3 /* MBAuthenticationInfo.m */ = {isa = PBXFileReference; fileEncoding = 4; lastKnownFileType = sourcecode.c.objc; path = MBAuthenticationInfo.m; sourceTree = "<group>"; };
		6831FB4E1561FF480093AFB3 /* MBAuthenticationCredentials.h */ = {isa = PBXFileReference; fileEncoding = 4; lastKnownFileType = sourcecode.c.h; path = MBAuthenticationCredentials.h; sourceTree = "<group>"; };
		6831FB4F1561FF480093AFB3 /* MBAuthenticationCredentials.m */ = {isa = PBXFileReference; fileEncoding = 4; lastKnownFileType = sourcecode.c.objc; path = MBAuthenticationCredentials.m; sourceTree = "<group>"; };
		68381ED715C8C7BB007AE448 /* CreateGameView.xib */ = {isa = PBXFileReference; fileEncoding = 4; lastKnownFileType = file.xib; path = CreateGameView.xib; sourceTree = "<group>"; };
		6863C1B5154F6B0B004015E0 /* MBPlayerSession.h */ = {isa = PBXFileReference; fileEncoding = 4; lastKnownFileType = sourcecode.c.h; path = MBPlayerSession.h; sourceTree = "<group>"; };
		6863C1B6154F6B0B004015E0 /* MBPlayerSession.m */ = {isa = PBXFileReference; fileEncoding = 4; lastKnownFileType = sourcecode.c.objc; path = MBPlayerSession.m; sourceTree = "<group>"; };
		687929C5187E58FA00B589AF /* mad_ballots_launch_768_1024.png */ = {isa = PBXFileReference; lastKnownFileType = image.png; path = mad_ballots_launch_768_1024.png; sourceTree = SOURCE_ROOT; };
		687929C6187E58FA00B589AF /* mad_ballots_launch_1024_768.png */ = {isa = PBXFileReference; lastKnownFileType = image.png; path = mad_ballots_launch_1024_768.png; sourceTree = SOURCE_ROOT; };
		687929C7187E58FA00B589AF /* mad_ballots_launch_1536_2048.png */ = {isa = PBXFileReference; lastKnownFileType = image.png; path = mad_ballots_launch_1536_2048.png; sourceTree = SOURCE_ROOT; };
		687929C8187E58FA00B589AF /* mad_ballots_launch_2048_1536.png */ = {isa = PBXFileReference; lastKnownFileType = image.png; path = mad_ballots_launch_2048_1536.png; sourceTree = SOURCE_ROOT; };
		687929D1187E593300B589AF /* mad_ballots_launch_640_960.png */ = {isa = PBXFileReference; lastKnownFileType = image.png; path = mad_ballots_launch_640_960.png; sourceTree = SOURCE_ROOT; };
		687929D2187E593300B589AF /* mad_ballots_launch_640_1136.png */ = {isa = PBXFileReference; lastKnownFileType = image.png; path = mad_ballots_launch_640_1136.png; sourceTree = SOURCE_ROOT; };
		6879808215CA10E7000F424C /* CardView.xib */ = {isa = PBXFileReference; fileEncoding = 4; lastKnownFileType = file.xib; path = CardView.xib; sourceTree = "<group>"; };
		6879808415CA1683000F424C /* MBVoteView.xib */ = {isa = PBXFileReference; fileEncoding = 4; lastKnownFileType = file.xib; path = MBVoteView.xib; sourceTree = "<group>"; };
		6879808615CA26D4000F424C /* MBPlayerRequestView.xib */ = {isa = PBXFileReference; fileEncoding = 4; lastKnownFileType = file.xib; path = MBPlayerRequestView.xib; sourceTree = "<group>"; };
		688E523718761764003F3369 /* MBWebAppViewController.h */ = {isa = PBXFileReference; fileEncoding = 4; lastKnownFileType = sourcecode.c.h; path = MBWebAppViewController.h; sourceTree = "<group>"; };
		688E523818761764003F3369 /* MBWebAppViewController.m */ = {isa = PBXFileReference; fileEncoding = 4; lastKnownFileType = sourcecode.c.objc; path = MBWebAppViewController.m; sourceTree = "<group>"; };
		688E523918761764003F3369 /* MBWebAppViewController.xib */ = {isa = PBXFileReference; fileEncoding = 4; lastKnownFileType = file.xib; path = MBWebAppViewController.xib; sourceTree = "<group>"; };
		689CDB86156DC664008E5648 /* SFHFKeychainUtils.h */ = {isa = PBXFileReference; fileEncoding = 4; lastKnownFileType = sourcecode.c.h; path = SFHFKeychainUtils.h; sourceTree = "<group>"; };
		689CDB87156DC664008E5648 /* SFHFKeychainUtils.m */ = {isa = PBXFileReference; fileEncoding = 4; lastKnownFileType = sourcecode.c.objc; path = SFHFKeychainUtils.m; sourceTree = "<group>"; };
		68A120F9187A57E100BD0F86 /* mad_ballots_icon_120.png */ = {isa = PBXFileReference; lastKnownFileType = image.png; path = mad_ballots_icon_120.png; sourceTree = "<group>"; };
		68A120FB187A598000BD0F86 /* mad_ballots_icon_76.png */ = {isa = PBXFileReference; lastKnownFileType = image.png; path = mad_ballots_icon_76.png; sourceTree = "<group>"; };
		68A120FC187A598000BD0F86 /* mad_ballots_icon_152.png */ = {isa = PBXFileReference; lastKnownFileType = image.png; path = mad_ballots_icon_152.png; sourceTree = "<group>"; };
		68A120FF187A5CEE00BD0F86 /* mad_ballots_icon_640_1136.png */ = {isa = PBXFileReference; lastKnownFileType = image.png; path = mad_ballots_icon_640_1136.png; sourceTree = "<group>"; };
		68A12102187CFC2D00BD0F86 /* Default-568h@2x.png */ = {isa = PBXFileReference; lastKnownFileType = image.png; path = "Default-568h@2x.png"; sourceTree = "<group>"; };
		68AC036418789E8E00EB3439 /* MBNotificationActionURL.h */ = {isa = PBXFileReference; fileEncoding = 4; lastKnownFileType = sourcecode.c.h; path = MBNotificationActionURL.h; sourceTree = "<group>"; };
		68AC036518789E8E00EB3439 /* MBNotificationActionURL.m */ = {isa = PBXFileReference; fileEncoding = 4; lastKnownFileType = sourcecode.c.objc; path = MBNotificationActionURL.m; sourceTree = "<group>"; };
		68BEF4CB1564AC060094DC1C /* MBRootNavigationController.h */ = {isa = PBXFileReference; fileEncoding = 4; lastKnownFileType = sourcecode.c.h; path = MBRootNavigationController.h; sourceTree = "<group>"; };
		68BEF4CC1564AC060094DC1C /* MBRootNavigationController.m */ = {isa = PBXFileReference; fileEncoding = 4; lastKnownFileType = sourcecode.c.objc; path = MBRootNavigationController.m; sourceTree = "<group>"; };
		68C27FF21550D37200B1A503 /* MBLoginViewController.h */ = {isa = PBXFileReference; fileEncoding = 4; lastKnownFileType = sourcecode.c.h; path = MBLoginViewController.h; sourceTree = "<group>"; };
		68C27FF31550D37200B1A503 /* MBLoginViewController.m */ = {isa = PBXFileReference; fileEncoding = 4; lastKnownFileType = sourcecode.c.objc; path = MBLoginViewController.m; sourceTree = "<group>"; };
		68C70E6B15CB786D00C32BDF /* CardViewController.h */ = {isa = PBXFileReference; fileEncoding = 4; lastKnownFileType = sourcecode.c.h; path = CardViewController.h; sourceTree = "<group>"; };
		68C70E6C15CB786E00C32BDF /* CardViewController.m */ = {isa = PBXFileReference; fileEncoding = 4; lastKnownFileType = sourcecode.c.objc; path = CardViewController.m; sourceTree = "<group>"; };
		68D52226188247D800381544 /* RestKit.xcodeproj */ = {isa = PBXFileReference; lastKnownFileType = "wrapper.pb-project"; name = RestKit.xcodeproj; path = RestKit/RestKit.xcodeproj; sourceTree = "<group>"; };
		68D669EC15C7736D0084A212 /* MBPlayerView.xib */ = {isa = PBXFileReference; fileEncoding = 4; lastKnownFileType = file.xib; path = MBPlayerView.xib; sourceTree = "<group>"; };
		68D669EE15C77CB90084A212 /* MBGameView.xib */ = {isa = PBXFileReference; fileEncoding = 4; lastKnownFileType = file.xib; path = MBGameView.xib; sourceTree = "<group>"; };
		68EB41C615C4674C007C771F /* GamesViewController.xib */ = {isa = PBXFileReference; fileEncoding = 4; lastKnownFileType = file.xib; path = GamesViewController.xib; sourceTree = "<group>"; };
		68EB41CA15C4C73D007C771F /* LoginViewController.xib */ = {isa = PBXFileReference; fileEncoding = 4; lastKnownFileType = file.xib; path = LoginViewController.xib; sourceTree = "<group>"; };
/* End PBXFileReference section */

/* Begin PBXFrameworksBuildPhase section */
		0EE3D60F14FEB63500E4A0CE /* Frameworks */ = {
			isa = PBXFrameworksBuildPhase;
			buildActionMask = 2147483647;
			files = (
				6823A7001883097B00955185 /* libRestKit.a in Frameworks */,
				0EE3D61B14FEB63500E4A0CE /* CoreGraphics.framework in Frameworks */,
				0E7BC238152A4D9B00BCE387 /* Security.framework in Frameworks */,
				0E7BC1EE152A17B300BCE387 /* CFNetwork.framework in Frameworks */,
				0E7BC23E152A4DE200BCE387 /* libxml2.dylib in Frameworks */,
				0EE3D61714FEB63500E4A0CE /* UIKit.framework in Frameworks */,
				0E7BC1F2152A17C000BCE387 /* SystemConfiguration.framework in Frameworks */,
				0E7BC23A152A4DB400BCE387 /* QuartzCore.framework in Frameworks */,
				0E7BC23C152A4DCD00BCE387 /* CoreData.framework in Frameworks */,
				0E7BC1F1152A17BD00BCE387 /* MobileCoreServices.framework in Frameworks */,
				0EE3D61914FEB63500E4A0CE /* Foundation.framework in Frameworks */,
				0E764D8315321EA20025F490 /* libfacebook_ios_sdk.a in Frameworks */,
				0EFD32CE15A9FB9D00785BC3 /* libCorePlot-CocoaTouch.a in Frameworks */,
			);
			runOnlyForDeploymentPostprocessing = 0;
		};
/* End PBXFrameworksBuildPhase section */

/* Begin PBXGroup section */
		0E0F6DDC15BF7F0900043247 /* MBProgressHUD */ = {
			isa = PBXGroup;
			children = (
				0E0F6DDD15BF7F3100043247 /* MBProgressHUD.h */,
				0E0F6DDE15BF7F3100043247 /* MBProgressHUD.m */,
			);
			name = MBProgressHUD;
			path = ..;
			sourceTree = "<group>";
		};
		0E23E962152E83C60027E9A0 /* Resources */ = {
			isa = PBXGroup;
			children = (
				6817658E1884EF530077321B /* mad_ballots_network_error.png */,
				687929D1187E593300B589AF /* mad_ballots_launch_640_960.png */,
				687929D2187E593300B589AF /* mad_ballots_launch_640_1136.png */,
				687929C5187E58FA00B589AF /* mad_ballots_launch_768_1024.png */,
				687929C6187E58FA00B589AF /* mad_ballots_launch_1024_768.png */,
				687929C7187E58FA00B589AF /* mad_ballots_launch_1536_2048.png */,
				687929C8187E58FA00B589AF /* mad_ballots_launch_2048_1536.png */,
				68A120FF187A5CEE00BD0F86 /* mad_ballots_icon_640_1136.png */,
				68A120FB187A598000BD0F86 /* mad_ballots_icon_76.png */,
				68A120FC187A598000BD0F86 /* mad_ballots_icon_152.png */,
				68A120F9187A57E100BD0F86 /* mad_ballots_icon_120.png */,
				68A120F8187A528A00BD0F86 /* iPhone */,
				0EBA0D5215797CBC00BB55BC /* underline@2x.png */,
				0EBA0D5315797CBC00BB55BC /* underline.png */,
				0E0D7B25153F9513005DAE9D /* checked.png */,
				0E0D7B26153F9513005DAE9D /* checked@2x.png */,
				0E0D7B27153F9513005DAE9D /* unchecked.png */,
				0E0D7B28153F9513005DAE9D /* unchecked@2x.png */,
				0E23E963152E85230027E9A0 /* tableview_x.png */,
				0E23E964152E85230027E9A0 /* tableview_x@2x.png */,
				0E7BC1C1152A0F5C00BCE387 /* default_list_user@2x.png */,
				0E7BC1BF152A0F5600BCE387 /* default_list_user.png */,
			);
			name = Resources;
			sourceTree = "<group>";
		};
		0E23E96A152EA5240027E9A0 /* Game Models */ = {
			isa = PBXGroup;
			children = (
				6831FB4A1561FC920093AFB3 /* Authentication */,
				0EE3D66314FECBB300E4A0CE /* Game.h */,
				0EE3D66414FECBB300E4A0CE /* Game.m */,
				0E2F6E3F15890B39001901C0 /* Ticket.h */,
				0E2F6E4015890B39001901C0 /* Ticket.m */,
				0EF7163015801C8700B70954 /* Contestant.h */,
				0EF7163115801C8700B70954 /* Contestant.m */,
				0E2F6E4215895160001901C0 /* Ballot.h */,
				0E2F6E4315895160001901C0 /* Ballot.m */,
				0E7BC293152BCFD600BCE387 /* Round.h */,
				0E7BC294152BCFD600BCE387 /* Round.m */,
				0E0D7B22153F1E02005DAE9D /* Card.h */,
				0E0D7B23153F1E02005DAE9D /* Card.m */,
				0E23E967152EA51E0027E9A0 /* Player.h */,
				0E23E968152EA51E0027E9A0 /* Player.m */,
				0E675700157A987500690B98 /* Candidate.h */,
				0E675701157A987500690B98 /* Candidate.m */,
			);
			name = "Game Models";
			sourceTree = "<group>";
		};
		0E764D7215321EA20025F490 /* facebook-ios-sdk */ = {
			isa = PBXGroup;
			children = (
				0E764D7315321EA20025F490 /* Facebook.h */,
				0E764D7415321EA20025F490 /* FBConnect.h */,
				0E764D7515321EA20025F490 /* FBDialog.bundle */,
				0E764D7615321EA20025F490 /* FBDialog.h */,
				0E764D7715321EA20025F490 /* FBFrictionlessRequestSettings.h */,
				0E764D7815321EA20025F490 /* FBLoginDialog.h */,
				0E764D7915321EA20025F490 /* FBRequest.h */,
				0E764D7A15321EA20025F490 /* JSON.h */,
				0E764D7B15321EA20025F490 /* libfacebook_ios_sdk.a */,
				0E764D7C15321EA20025F490 /* NSObject+SBJSON.h */,
				0E764D7D15321EA20025F490 /* NSString+SBJSON.h */,
				0E764D7E15321EA20025F490 /* SBJSON.h */,
				0E764D7F15321EA20025F490 /* SBJsonBase.h */,
				0E764D8015321EA20025F490 /* SBJsonParser.h */,
				0E764D8115321EA20025F490 /* SBJsonWriter.h */,
			);
			path = "facebook-ios-sdk";
			sourceTree = "<group>";
		};
		0EE3D60714FEB63400E4A0CE = {
			isa = PBXGroup;
			children = (
				68A12102187CFC2D00BD0F86 /* Default-568h@2x.png */,
				68D52226188247D800381544 /* RestKit.xcodeproj */,
				0EE3D61C14FEB63500E4A0CE /* Mad Ballots */,
				0EE3D63D14FEB63500E4A0CE /* Mad BallotsTests */,
				0EE3D61514FEB63500E4A0CE /* Frameworks */,
				0EE3D61314FEB63500E4A0CE /* Products */,
			);
			sourceTree = "<group>";
		};
		0EE3D61314FEB63500E4A0CE /* Products */ = {
			isa = PBXGroup;
			children = (
				0EE3D61214FEB63500E4A0CE /* madballots.app */,
			);
			name = Products;
			sourceTree = "<group>";
		};
		0EE3D61514FEB63500E4A0CE /* Frameworks */ = {
			isa = PBXGroup;
			children = (
				0EFD32CD15A9FB9D00785BC3 /* libCorePlot-CocoaTouch.a */,
				0E7BC23D152A4DE200BCE387 /* libxml2.dylib */,
				0E7BC23B152A4DCD00BCE387 /* CoreData.framework */,
				0E7BC239152A4DB400BCE387 /* QuartzCore.framework */,
				0E7BC237152A4D9B00BCE387 /* Security.framework */,
				0E7BC1EC152A16E600BCE387 /* libz.dylib */,
				0E7BC1EA152A16D200BCE387 /* MobileCoreServices.framework */,
				0E7BC1E8152A16C800BCE387 /* SystemConfiguration.framework */,
				0E7BC1E6152A16BE00BCE387 /* CFNetwork.framework */,
				0EE3D61614FEB63500E4A0CE /* UIKit.framework */,
				0EE3D61814FEB63500E4A0CE /* Foundation.framework */,
				0EE3D61A14FEB63500E4A0CE /* CoreGraphics.framework */,
				0EE3D63714FEB63500E4A0CE /* SenTestingKit.framework */,
			);
			name = Frameworks;
			sourceTree = "<group>";
		};
		0EE3D61C14FEB63500E4A0CE /* Mad Ballots */ = {
			isa = PBXGroup;
			children = (
				68AC036B1878A09A00EB3439 /* Notifications */,
				0EFD327D15A9FB9D00785BC3 /* CorePlotHeaders */,
				689CDB82156DC017008E5648 /* Keychain */,
				0EE3D65F14FEC50800E4A0CE /* User Interface Resources */,
				0EE3D65D14FEC4F800E4A0CE /* View Controllers */,
				0EE3D61D14FEB63500E4A0CE /* Supporting Files */,
				0E23E962152E83C60027E9A0 /* Resources */,
				0E764D7215321EA20025F490 /* facebook-ios-sdk */,
				0E0F6DDC15BF7F0900043247 /* MBProgressHUD */,
				0EE3D62614FEB63500E4A0CE /* AppDelegate.m */,
				0EE3D62514FEB63500E4A0CE /* AppDelegate.h */,
				0E7BC1F6152A1B3100BCE387 /* Constant.h */,
				0E7BC1F7152A1B3100BCE387 /* Constant.m */,
				0E23E96A152EA5240027E9A0 /* Game Models */,
			);
			path = "Mad Ballots";
			sourceTree = "<group>";
		};
		0EE3D61D14FEB63500E4A0CE /* Supporting Files */ = {
			isa = PBXGroup;
			children = (
				0EE3D61E14FEB63500E4A0CE /* Mad Ballots-Info.plist */,
				0EE3D61F14FEB63500E4A0CE /* InfoPlist.strings */,
				0EE3D62214FEB63500E4A0CE /* main.m */,
				0EE3D62414FEB63500E4A0CE /* Mad Ballots-Prefix.pch */,
			);
			name = "Supporting Files";
			sourceTree = "<group>";
		};
		0EE3D63D14FEB63500E4A0CE /* Mad BallotsTests */ = {
			isa = PBXGroup;
			children = (
				0EE3D64314FEB63500E4A0CE /* Mad_BallotsTests.h */,
				0EE3D64414FEB63500E4A0CE /* Mad_BallotsTests.m */,
				0EE3D63E14FEB63500E4A0CE /* Supporting Files */,
			);
			path = "Mad BallotsTests";
			sourceTree = "<group>";
		};
		0EE3D63E14FEB63500E4A0CE /* Supporting Files */ = {
			isa = PBXGroup;
			children = (
				0EE3D63F14FEB63500E4A0CE /* Mad BallotsTests-Info.plist */,
				0EE3D64014FEB63500E4A0CE /* InfoPlist.strings */,
			);
			name = "Supporting Files";
			sourceTree = "<group>";
		};
		0EE3D65D14FEC4F800E4A0CE /* View Controllers */ = {
			isa = PBXGroup;
			children = (
				68C70E6B15CB786D00C32BDF /* CardViewController.h */,
				68C70E6C15CB786E00C32BDF /* CardViewController.m */,
				68C27FF21550D37200B1A503 /* MBLoginViewController.h */,
				68C27FF31550D37200B1A503 /* MBLoginViewController.m */,
				0EE3D62B14FEB63500E4A0CE /* GamesViewController.h */,
				0EE3D62C14FEB63500E4A0CE /* GamesViewController.m */,
				0E23E95D152E3FA70027E9A0 /* CreateGameViewController.h */,
				0E23E95E152E3FA70027E9A0 /* CreateGameViewController.m */,
				0E4406EE1578682700D7D8A3 /* TicketViewController.h */,
				0E4406EF1578682700D7D8A3 /* TicketViewController.m */,
				0E61959A157FEB25003F1672 /* TicketOverviewViewController.h */,
				0E61959B157FEB25003F1672 /* TicketOverviewViewController.m */,
				0E61959D157FEB69003F1672 /* VoteViewController.h */,
				0E61959E157FEB69003F1672 /* VoteViewController.m */,
				0EA6C514154107C000D23777 /* GameViewController.h */,
				0EA6C515154107C000D23777 /* GameViewController.m */,
				0E764D6F153219100025F490 /* PlayerRequestViewController.h */,
				0E764D70153219100025F490 /* PlayerRequestViewController.m */,
				0ED13895157FC24E00F400BF /* ScrollViewWithPaging.h */,
				0ED13896157FC24E00F400BF /* ScrollViewWithPaging.m */,
				0E84B834158A5379006B9AE5 /* TableViewTextField.h */,
				0E84B835158A5379006B9AE5 /* TableViewTextField.m */,
				681188E7154F762D007B323B /* MBPlayerViewController.h */,
				681188E8154F762D007B323B /* MBPlayerViewController.m */,
				68BEF4CB1564AC060094DC1C /* MBRootNavigationController.h */,
				68BEF4CC1564AC060094DC1C /* MBRootNavigationController.m */,
				0E0F6DE315BF89D600043247 /* MBUIViewController.h */,
				0E0F6DE415BF89D600043247 /* MBUIViewController.m */,
				0E0F6DE615BF8A0B00043247 /* MBUITableViewController.h */,
				0E0F6DE715BF8A0B00043247 /* MBUITableViewController.m */,
				688E523718761764003F3369 /* MBWebAppViewController.h */,
				688E523818761764003F3369 /* MBWebAppViewController.m */,
				681765891884EF1A0077321B /* MBNetworkErrorViewController.h */,
				6817658A1884EF1A0077321B /* MBNetworkErrorViewController.m */,
			);
			name = "View Controllers";
			sourceTree = "<group>";
		};
		0EE3D65F14FEC50800E4A0CE /* User Interface Resources */ = {
			isa = PBXGroup;
			children = (
				688E523918761764003F3369 /* MBWebAppViewController.xib */,
				68EB41CA15C4C73D007C771F /* LoginViewController.xib */,
				6879808215CA10E7000F424C /* CardView.xib */,
				68EB41C615C4674C007C771F /* GamesViewController.xib */,
				0EE3D62814FEB63500E4A0CE /* MainStoryboard.storyboard */,
				68381ED715C8C7BB007AE448 /* CreateGameView.xib */,
				0E7BC1BC152A0BE600BCE387 /* CardTableViewCell.xib */,
				0EFD327715A9EF1300785BC3 /* TicketResultViewController.xib */,
				0E84B82F158A352A006B9AE5 /* TicketViewController.xib */,
				68D669EC15C7736D0084A212 /* MBPlayerView.xib */,
				68D669EE15C77CB90084A212 /* MBGameView.xib */,
				6879808415CA1683000F424C /* MBVoteView.xib */,
				6879808615CA26D4000F424C /* MBPlayerRequestView.xib */,
				6817658B1884EF1A0077321B /* MBNetworkErrorViewController.xib */,
			);
			name = "User Interface Resources";
			sourceTree = "<group>";
		};
		0EFD327D15A9FB9D00785BC3 /* CorePlotHeaders */ = {
			isa = PBXGroup;
			children = (
				0EFD327E15A9FB9D00785BC3 /* _CPTConstraintsFixed.h */,
				0EFD327F15A9FB9D00785BC3 /* _CPTConstraintsRelative.h */,
				0EFD328015A9FB9D00785BC3 /* _CPTDarkGradientTheme.h */,
				0EFD328115A9FB9D00785BC3 /* _CPTFillColor.h */,
				0EFD328215A9FB9D00785BC3 /* _CPTFillGradient.h */,
				0EFD328315A9FB9D00785BC3 /* _CPTFillImage.h */,
				0EFD328415A9FB9D00785BC3 /* _CPTPlainBlackTheme.h */,
				0EFD328515A9FB9D00785BC3 /* _CPTPlainWhiteTheme.h */,
				0EFD328615A9FB9D00785BC3 /* _CPTSlateTheme.h */,
				0EFD328715A9FB9D00785BC3 /* _CPTStocksTheme.h */,
				0EFD328815A9FB9D00785BC3 /* _CPTXYTheme.h */,
				0EFD328915A9FB9D00785BC3 /* CorePlot-CocoaTouch.h */,
				0EFD328A15A9FB9D00785BC3 /* CPTAnnotation.h */,
				0EFD328B15A9FB9D00785BC3 /* CPTAnnotationHostLayer.h */,
				0EFD328C15A9FB9D00785BC3 /* CPTAxis.h */,
				0EFD328D15A9FB9D00785BC3 /* CPTAxisLabel.h */,
				0EFD328E15A9FB9D00785BC3 /* CPTAxisLabelGroup.h */,
				0EFD328F15A9FB9D00785BC3 /* CPTAxisSet.h */,
				0EFD329015A9FB9D00785BC3 /* CPTAxisTitle.h */,
				0EFD329115A9FB9D00785BC3 /* CPTBarPlot.h */,
				0EFD329215A9FB9D00785BC3 /* CPTBorderedLayer.h */,
				0EFD329315A9FB9D00785BC3 /* CPTColor.h */,
				0EFD329415A9FB9D00785BC3 /* CPTColorSpace.h */,
				0EFD329515A9FB9D00785BC3 /* CPTConstraints.h */,
				0EFD329615A9FB9D00785BC3 /* CPTDefinitions.h */,
				0EFD329715A9FB9D00785BC3 /* CPTExceptions.h */,
				0EFD329815A9FB9D00785BC3 /* CPTFill.h */,
				0EFD329915A9FB9D00785BC3 /* CPTGradient.h */,
				0EFD329A15A9FB9D00785BC3 /* CPTGraph.h */,
				0EFD329B15A9FB9D00785BC3 /* CPTGraphHostingView.h */,
				0EFD329C15A9FB9D00785BC3 /* CPTGridLineGroup.h */,
				0EFD329D15A9FB9D00785BC3 /* CPTGridLines.h */,
				0EFD329E15A9FB9D00785BC3 /* CPTImage.h */,
				0EFD329F15A9FB9D00785BC3 /* CPTLayer.h */,
				0EFD32A015A9FB9D00785BC3 /* CPTLayerAnnotation.h */,
				0EFD32A115A9FB9D00785BC3 /* CPTLegend.h */,
				0EFD32A215A9FB9D00785BC3 /* CPTLegendEntry.h */,
				0EFD32A315A9FB9D00785BC3 /* CPTLimitBand.h */,
				0EFD32A415A9FB9D00785BC3 /* CPTLineCap.h */,
				0EFD32A515A9FB9D00785BC3 /* CPTLineStyle.h */,
				0EFD32A615A9FB9D00785BC3 /* CPTMutableLineStyle.h */,
				0EFD32A715A9FB9D00785BC3 /* CPTMutableNumericData+TypeConversion.h */,
				0EFD32A815A9FB9D00785BC3 /* CPTMutableNumericData.h */,
				0EFD32A915A9FB9D00785BC3 /* CPTMutablePlotRange.h */,
				0EFD32AA15A9FB9D00785BC3 /* CPTMutableShadow.h */,
				0EFD32AB15A9FB9D00785BC3 /* CPTMutableTextStyle.h */,
				0EFD32AC15A9FB9D00785BC3 /* CPTNumericData+TypeConversion.h */,
				0EFD32AD15A9FB9D00785BC3 /* CPTNumericData.h */,
				0EFD32AE15A9FB9D00785BC3 /* CPTNumericDataType.h */,
				0EFD32AF15A9FB9D00785BC3 /* CPTPathExtensions.h */,
				0EFD32B015A9FB9D00785BC3 /* CPTPieChart.h */,
				0EFD32B115A9FB9D00785BC3 /* CPTPlatformSpecificCategories.h */,
				0EFD32B215A9FB9D00785BC3 /* CPTPlatformSpecificDefines.h */,
				0EFD32B315A9FB9D00785BC3 /* CPTPlatformSpecificFunctions.h */,
				0EFD32B415A9FB9D00785BC3 /* CPTPlot.h */,
				0EFD32B515A9FB9D00785BC3 /* CPTPlotArea.h */,
				0EFD32B615A9FB9D00785BC3 /* CPTPlotAreaFrame.h */,
				0EFD32B715A9FB9D00785BC3 /* CPTPlotGroup.h */,
				0EFD32B815A9FB9D00785BC3 /* CPTPlotRange.h */,
				0EFD32B915A9FB9D00785BC3 /* CPTPlotSpace.h */,
				0EFD32BA15A9FB9D00785BC3 /* CPTPlotSpaceAnnotation.h */,
				0EFD32BB15A9FB9D00785BC3 /* CPTPlotSymbol.h */,
				0EFD32BC15A9FB9D00785BC3 /* CPTRangePlot.h */,
				0EFD32BD15A9FB9D00785BC3 /* CPTResponder.h */,
				0EFD32BE15A9FB9D00785BC3 /* CPTScatterPlot.h */,
				0EFD32BF15A9FB9D00785BC3 /* CPTShadow.h */,
				0EFD32C015A9FB9D00785BC3 /* CPTTextLayer.h */,
				0EFD32C115A9FB9D00785BC3 /* CPTTextStyle.h */,
				0EFD32C215A9FB9D00785BC3 /* CPTTheme.h */,
				0EFD32C315A9FB9D00785BC3 /* CPTTimeFormatter.h */,
				0EFD32C415A9FB9D00785BC3 /* CPTTradingRangePlot.h */,
				0EFD32C515A9FB9D00785BC3 /* CPTUtilities.h */,
				0EFD32C615A9FB9D00785BC3 /* CPTXYAxis.h */,
				0EFD32C715A9FB9D00785BC3 /* CPTXYAxisSet.h */,
				0EFD32C815A9FB9D00785BC3 /* CPTXYGraph.h */,
				0EFD32C915A9FB9D00785BC3 /* CPTXYPlotSpace.h */,
				0EFD32CA15A9FB9D00785BC3 /* NSCoderExtensions.h */,
				0EFD32CB15A9FB9D00785BC3 /* NSDecimalNumberExtensions.h */,
				0EFD32CC15A9FB9D00785BC3 /* NSNumberExtensions.h */,
			);
			path = CorePlotHeaders;
			sourceTree = "<group>";
		};
		6831FB4A1561FC920093AFB3 /* Authentication */ = {
			isa = PBXGroup;
			children = (
				6863C1B5154F6B0B004015E0 /* MBPlayerSession.h */,
				6863C1B6154F6B0B004015E0 /* MBPlayerSession.m */,
				6831FB471561FBCA0093AFB3 /* MBAuthentication.h */,
				6831FB481561FBCA0093AFB3 /* MBAuthentication.m */,
				6831FB4B1561FF3A0093AFB3 /* MBAuthenticationInfo.h */,
				6831FB4C1561FF3A0093AFB3 /* MBAuthenticationInfo.m */,
				6831FB4E1561FF480093AFB3 /* MBAuthenticationCredentials.h */,
				6831FB4F1561FF480093AFB3 /* MBAuthenticationCredentials.m */,
			);
			name = Authentication;
			sourceTree = "<group>";
		};
		689CDB82156DC017008E5648 /* Keychain */ = {
			isa = PBXGroup;
			children = (
				689CDB86156DC664008E5648 /* SFHFKeychainUtils.h */,
				689CDB87156DC664008E5648 /* SFHFKeychainUtils.m */,
			);
			name = Keychain;
			sourceTree = "<group>";
		};
		68A120F8187A528A00BD0F86 /* iPhone */ = {
			isa = PBXGroup;
			children = (
			);
			name = iPhone;
			sourceTree = "<group>";
		};
		68AC036B1878A09A00EB3439 /* Notifications */ = {
			isa = PBXGroup;
			children = (
				0E0F6DCB15BE280300043247 /* MBNotificationAction.h */,
				0E0F6DCC15BE280300043247 /* MBNotificationAction.m */,
				68AC036418789E8E00EB3439 /* MBNotificationActionURL.h */,
				68AC036518789E8E00EB3439 /* MBNotificationActionURL.m */,
				0E0F6DCD15BE280300043247 /* MBNotificationActionFillCard.h */,
				0E0F6DCE15BE280300043247 /* MBNotificationActionFillCard.m */,
				0E0F6DCF15BE280300043247 /* MBNotificationActionHandler.h */,
				0E0F6DD015BE280300043247 /* MBNotificationActionRSVP.h */,
				0E0F6DD115BE280300043247 /* MBNotificationActionRSVP.m */,
				0E0F6DD215BE280300043247 /* MBNotificationActionVote.h */,
				0E0F6DD315BE280300043247 /* MBNotificationActionVote.m */,
				0E0F6DD415BE280300043247 /* MBNotificationProcessor.h */,
				0E0F6DD515BE280300043247 /* MBNotificationProcessor.m */,
			);
			name = Notifications;
			sourceTree = "<group>";
		};
		68D52227188247D800381544 /* Products */ = {
			isa = PBXGroup;
			children = (
				68D5222E188247D800381544 /* libRestKit.a */,
				68D52230188247D800381544 /* RestKitTests.octest */,
				68D52232188247D800381544 /* RestKit.framework */,
				68D52234188247D800381544 /* RestKitFrameworkTests.octest */,
			);
			name = Products;
			sourceTree = "<group>";
		};
/* End PBXGroup section */

/* Begin PBXNativeTarget section */
		0EE3D61114FEB63500E4A0CE /* Mad Ballots */ = {
			isa = PBXNativeTarget;
			buildConfigurationList = 0EE3D64814FEB63500E4A0CE /* Build configuration list for PBXNativeTarget "Mad Ballots" */;
			buildPhases = (
				0EE3D60E14FEB63500E4A0CE /* Sources */,
				0EE3D60F14FEB63500E4A0CE /* Frameworks */,
				0EE3D61014FEB63500E4A0CE /* Resources */,
			);
			buildRules = (
			);
			dependencies = (
				6823A6FF1883082D00955185 /* PBXTargetDependency */,
			);
			name = "Mad Ballots";
			productName = "Mad Ballots";
			productReference = 0EE3D61214FEB63500E4A0CE /* madballots.app */;
			productType = "com.apple.product-type.application";
		};
/* End PBXNativeTarget section */

/* Begin PBXProject section */
		0EE3D60914FEB63400E4A0CE /* Project object */ = {
			isa = PBXProject;
			attributes = {
				LastUpgradeCheck = 0420;
			};
			buildConfigurationList = 0EE3D60C14FEB63400E4A0CE /* Build configuration list for PBXProject "Mad Ballots" */;
			compatibilityVersion = "Xcode 3.2";
			developmentRegion = English;
			hasScannedForEncodings = 0;
			knownRegions = (
				en,
			);
			mainGroup = 0EE3D60714FEB63400E4A0CE;
			productRefGroup = 0EE3D61314FEB63500E4A0CE /* Products */;
			projectDirPath = "";
			projectReferences = (
				{
					ProductGroup = 68D52227188247D800381544 /* Products */;
					ProjectRef = 68D52226188247D800381544 /* RestKit.xcodeproj */;
				},
			);
			projectRoot = "";
			targets = (
				0EE3D61114FEB63500E4A0CE /* Mad Ballots */,
			);
		};
/* End PBXProject section */

/* Begin PBXReferenceProxy section */
		68D5222E188247D800381544 /* libRestKit.a */ = {
			isa = PBXReferenceProxy;
			fileType = archive.ar;
			path = libRestKit.a;
			remoteRef = 68D5222D188247D800381544 /* PBXContainerItemProxy */;
			sourceTree = BUILT_PRODUCTS_DIR;
		};
		68D52230188247D800381544 /* RestKitTests.octest */ = {
			isa = PBXReferenceProxy;
			fileType = wrapper.cfbundle;
			path = RestKitTests.octest;
			remoteRef = 68D5222F188247D800381544 /* PBXContainerItemProxy */;
			sourceTree = BUILT_PRODUCTS_DIR;
		};
		68D52232188247D800381544 /* RestKit.framework */ = {
			isa = PBXReferenceProxy;
			fileType = wrapper.framework;
			path = RestKit.framework;
			remoteRef = 68D52231188247D800381544 /* PBXContainerItemProxy */;
			sourceTree = BUILT_PRODUCTS_DIR;
		};
		68D52234188247D800381544 /* RestKitFrameworkTests.octest */ = {
			isa = PBXReferenceProxy;
			fileType = wrapper.cfbundle;
			path = RestKitFrameworkTests.octest;
			remoteRef = 68D52233188247D800381544 /* PBXContainerItemProxy */;
			sourceTree = BUILT_PRODUCTS_DIR;
		};
/* End PBXReferenceProxy section */

/* Begin PBXResourcesBuildPhase section */
		0EE3D61014FEB63500E4A0CE /* Resources */ = {
			isa = PBXResourcesBuildPhase;
			buildActionMask = 2147483647;
			files = (
				68A120FD187A598000BD0F86 /* mad_ballots_icon_76.png in Resources */,
				0EE3D62114FEB63500E4A0CE /* InfoPlist.strings in Resources */,
				0E7BC1BD152A0BE600BCE387 /* CardTableViewCell.xib in Resources */,
				68A120FE187A598000BD0F86 /* mad_ballots_icon_152.png in Resources */,
				0E7BC1C0152A0F5600BCE387 /* default_list_user.png in Resources */,
				68A12100187A5CEE00BD0F86 /* mad_ballots_icon_640_1136.png in Resources */,
				68A12103187CFC2D00BD0F86 /* Default-568h@2x.png in Resources */,
				0E7BC1C2152A0F5C00BCE387 /* default_list_user@2x.png in Resources */,
				0E23E965152E85230027E9A0 /* tableview_x.png in Resources */,
				68A120FA187A57E100BD0F86 /* mad_ballots_icon_120.png in Resources */,
				687929D4187E593300B589AF /* mad_ballots_launch_640_1136.png in Resources */,
				687929CB187E58FA00B589AF /* mad_ballots_launch_1536_2048.png in Resources */,
				0E23E966152E85230027E9A0 /* tableview_x@2x.png in Resources */,
				0E764D8215321EA20025F490 /* FBDialog.bundle in Resources */,
				0E0D7B29153F9513005DAE9D /* checked.png in Resources */,
				688E523B18761764003F3369 /* MBWebAppViewController.xib in Resources */,
				687929C9187E58FA00B589AF /* mad_ballots_launch_768_1024.png in Resources */,
				0E0D7B2A153F9513005DAE9D /* checked@2x.png in Resources */,
				0E0D7B2B153F9513005DAE9D /* unchecked.png in Resources */,
				6817658F1884EF530077321B /* mad_ballots_network_error.png in Resources */,
				0E0D7B2C153F9513005DAE9D /* unchecked@2x.png in Resources */,
				0EBA0D5415797CBC00BB55BC /* underline@2x.png in Resources */,
				6817658D1884EF1A0077321B /* MBNetworkErrorViewController.xib in Resources */,
				0EBA0D5515797CBC00BB55BC /* underline.png in Resources */,
				0E84B830158A352A006B9AE5 /* TicketViewController.xib in Resources */,
				0EFD327915A9EF1300785BC3 /* TicketResultViewController.xib in Resources */,
				68EB41C715C4674C007C771F /* GamesViewController.xib in Resources */,
				687929D3187E593300B589AF /* mad_ballots_launch_640_960.png in Resources */,
				687929CA187E58FA00B589AF /* mad_ballots_launch_1024_768.png in Resources */,
				68EB41CB15C4C73D007C771F /* LoginViewController.xib in Resources */,
				68D669ED15C7736D0084A212 /* MBPlayerView.xib in Resources */,
				68D669EF15C77CB90084A212 /* MBGameView.xib in Resources */,
				68381ED815C8C7BB007AE448 /* CreateGameView.xib in Resources */,
				6879808315CA10E7000F424C /* CardView.xib in Resources */,
				6879808515CA1683000F424C /* MBVoteView.xib in Resources */,
				687929CC187E58FA00B589AF /* mad_ballots_launch_2048_1536.png in Resources */,
				6879808715CA26D4000F424C /* MBPlayerRequestView.xib in Resources */,
			);
			runOnlyForDeploymentPostprocessing = 0;
		};
/* End PBXResourcesBuildPhase section */

/* Begin PBXSourcesBuildPhase section */
		0EE3D60E14FEB63500E4A0CE /* Sources */ = {
			isa = PBXSourcesBuildPhase;
			buildActionMask = 2147483647;
			files = (
				0EE3D62314FEB63500E4A0CE /* main.m in Sources */,
				0EE3D62714FEB63500E4A0CE /* AppDelegate.m in Sources */,
				0E7BC1F8152A1B3100BCE387 /* Constant.m in Sources */,
				0E23E969152EA51E0027E9A0 /* Player.m in Sources */,
				0ED13897157FC24E00F400BF /* ScrollViewWithPaging.m in Sources */,
				6863C1B7154F6B0B004015E0 /* MBPlayerSession.m in Sources */,
				681188E9154F762D007B323B /* MBPlayerViewController.m in Sources */,
				68C27FF41550D37200B1A503 /* MBLoginViewController.m in Sources */,
				6831FB491561FBCA0093AFB3 /* MBAuthentication.m in Sources */,
				6831FB4D1561FF3A0093AFB3 /* MBAuthenticationInfo.m in Sources */,
				6831FB501561FF480093AFB3 /* MBAuthenticationCredentials.m in Sources */,
				68BEF4CD1564AC070094DC1C /* MBRootNavigationController.m in Sources */,
				689CDB88156DC664008E5648 /* SFHFKeychainUtils.m in Sources */,
				68AC036618789E8E00EB3439 /* MBNotificationActionURL.m in Sources */,
				0E84B836158A537B006B9AE5 /* TableViewTextField.m in Sources */,
				0E0F6DD615BE280300043247 /* MBNotificationAction.m in Sources */,
				688E523A18761764003F3369 /* MBWebAppViewController.m in Sources */,
				0E0F6DDA15BE280300043247 /* MBNotificationProcessor.m in Sources */,
				0E0F6DDF15BF7F3100043247 /* MBProgressHUD.m in Sources */,
				6817658C1884EF1A0077321B /* MBNetworkErrorViewController.m in Sources */,
				0E0F6DE515BF89D700043247 /* MBUIViewController.m in Sources */,
				0E0F6DE815BF8A0C00043247 /* MBUITableViewController.m in Sources */,
			);
			runOnlyForDeploymentPostprocessing = 0;
		};
/* End PBXSourcesBuildPhase section */

/* Begin PBXTargetDependency section */
		6823A6FF1883082D00955185 /* PBXTargetDependency */ = {
			isa = PBXTargetDependency;
			name = RestKit;
			targetProxy = 6823A6FE1883082D00955185 /* PBXContainerItemProxy */;
		};
/* End PBXTargetDependency section */

/* Begin PBXVariantGroup section */
		0EE3D61F14FEB63500E4A0CE /* InfoPlist.strings */ = {
			isa = PBXVariantGroup;
			children = (
				0EE3D62014FEB63500E4A0CE /* en */,
			);
			name = InfoPlist.strings;
			sourceTree = "<group>";
		};
		0EE3D62814FEB63500E4A0CE /* MainStoryboard.storyboard */ = {
			isa = PBXVariantGroup;
			children = (
				0EE3D62914FEB63500E4A0CE /* en */,
			);
			name = MainStoryboard.storyboard;
			sourceTree = "<group>";
		};
		0EE3D64014FEB63500E4A0CE /* InfoPlist.strings */ = {
			isa = PBXVariantGroup;
			children = (
				0EE3D64114FEB63500E4A0CE /* en */,
			);
			name = InfoPlist.strings;
			sourceTree = "<group>";
		};
/* End PBXVariantGroup section */

/* Begin XCBuildConfiguration section */
		0EE3D64614FEB63500E4A0CE /* Debug */ = {
			isa = XCBuildConfiguration;
			buildSettings = {
				ALWAYS_SEARCH_USER_PATHS = NO;
				ARCHS = "$(ARCHS_STANDARD_32_BIT)";
				CLANG_ENABLE_OBJC_ARC = YES;
				CODE_SIGN_IDENTITY = "iPhone Developer";
				"CODE_SIGN_IDENTITY[sdk=iphoneos*]" = "iPhone Developer";
				COPY_PHASE_STRIP = NO;
				GCC_C_LANGUAGE_STANDARD = gnu99;
				GCC_DYNAMIC_NO_PIC = NO;
				GCC_OPTIMIZATION_LEVEL = 0;
				GCC_PREPROCESSOR_DEFINITIONS = (
					"DEBUG=1",
					"$(inherited)",
				);
				GCC_SYMBOLS_PRIVATE_EXTERN = NO;
				GCC_VERSION = com.apple.compilers.llvm.clang.1_0;
				GCC_WARN_ABOUT_MISSING_PROTOTYPES = YES;
				GCC_WARN_ABOUT_RETURN_TYPE = YES;
				GCC_WARN_UNUSED_VARIABLE = YES;
				IPHONEOS_DEPLOYMENT_TARGET = 5.0;
				PROVISIONING_PROFILE = "";
				"PROVISIONING_PROFILE[sdk=iphoneos*]" = "";
				SDKROOT = iphoneos;
				SYMROOT = build;
			};
			name = Debug;
		};
		0EE3D64714FEB63500E4A0CE /* Release */ = {
			isa = XCBuildConfiguration;
			buildSettings = {
				ALWAYS_SEARCH_USER_PATHS = NO;
				ARCHS = "$(ARCHS_STANDARD_32_BIT)";
				CLANG_ENABLE_OBJC_ARC = YES;
				CODE_SIGN_IDENTITY = "iPhone Developer";
				"CODE_SIGN_IDENTITY[sdk=iphoneos*]" = "iPhone Developer";
				COPY_PHASE_STRIP = YES;
				GCC_C_LANGUAGE_STANDARD = gnu99;
				GCC_VERSION = com.apple.compilers.llvm.clang.1_0;
				GCC_WARN_ABOUT_MISSING_PROTOTYPES = YES;
				GCC_WARN_ABOUT_RETURN_TYPE = YES;
				GCC_WARN_UNUSED_VARIABLE = YES;
				IPHONEOS_DEPLOYMENT_TARGET = 5.0;
				OTHER_CFLAGS = "-DNS_BLOCK_ASSERTIONS=1";
				PROVISIONING_PROFILE = "";
				"PROVISIONING_PROFILE[sdk=iphoneos*]" = "";
				SDKROOT = iphoneos;
				SYMROOT = build;
				VALIDATE_PRODUCT = YES;
			};
			name = Release;
		};
		0EE3D64914FEB63500E4A0CE /* Debug */ = {
			isa = XCBuildConfiguration;
			buildSettings = {
				CODE_SIGN_IDENTITY = "iPhone Developer: Jeremy Clark (GZRMM2DK3Y)";
				"CODE_SIGN_IDENTITY[sdk=iphoneos*]" = "iPhone Developer: Jeremy Clark (GZRMM2DK3Y)";
				FRAMEWORK_SEARCH_PATHS = (
					"$(inherited)",
					"\"$(DEVELOPER_FRAMEWORKS_DIR)\"",
				);
				GCC_PRECOMPILE_PREFIX_HEADER = YES;
				GCC_PREFIX_HEADER = "Mad Ballots/Mad Ballots-Prefix.pch";
				GCC_VERSION = com.apple.compilers.llvm.clang.1_0;
				HEADER_SEARCH_PATHS = (
					"$(SRCROOT)/RestKit/Build/Headers/RestKit/**",
					"\"$(BUILT_PRODUCTS_DIR)/../../Headers\"/**",
				);
				INFOPLIST_FILE = "Mad Ballots/Mad Ballots-Info.plist";
				IPHONEOS_DEPLOYMENT_TARGET = 7.0;
				LIBRARY_SEARCH_PATHS = (
					"$(inherited)",
					"\"$(SRCROOT)/Mad Ballots/facebook-ios-sdk\"",
					"\"$(SRCROOT)/Mad Ballots\"",
					"\"$(SRCROOT)/../../Library/Developer/Xcode/DerivedData/Mad_Ballots-fqgwtsyphckuoxgqclwgooqamvld/Build/Headers/RestKit\"",
				);
				OTHER_LDFLAGS = "-ObjC";
				PRODUCT_NAME = madballots;
				PROVISIONING_PROFILE = "A2ED2A4A-F761-4734-A85C-5C398E2F999E";
				"PROVISIONING_PROFILE[sdk=iphoneos*]" = "A2ED2A4A-F761-4734-A85C-5C398E2F999E";
				TARGETED_DEVICE_FAMILY = "1,2";
				VALID_ARCHS = armv7;
				WRAPPER_EXTENSION = app;
			};
			name = Debug;
		};
		0EE3D64A14FEB63500E4A0CE /* Release */ = {
			isa = XCBuildConfiguration;
			buildSettings = {
				CODE_SIGN_IDENTITY = "iPhone Developer: Jeremy Clark (GZRMM2DK3Y)";
				"CODE_SIGN_IDENTITY[sdk=iphoneos*]" = "iPhone Developer: Jeremy Clark (GZRMM2DK3Y)";
				FRAMEWORK_SEARCH_PATHS = (
					"$(inherited)",
					"\"$(DEVELOPER_FRAMEWORKS_DIR)\"",
				);
				GCC_PRECOMPILE_PREFIX_HEADER = YES;
				GCC_PREFIX_HEADER = "Mad Ballots/Mad Ballots-Prefix.pch";
				GCC_VERSION = com.apple.compilers.llvm.clang.1_0;
				HEADER_SEARCH_PATHS = "\"$(BUILT_PRODUCTS_DIR)/../../Headers\"/**";
				INFOPLIST_FILE = "Mad Ballots/Mad Ballots-Info.plist";
				IPHONEOS_DEPLOYMENT_TARGET = 7.0;
				LIBRARY_SEARCH_PATHS = (
					"$(inherited)",
					"\"$(SRCROOT)/Mad Ballots/facebook-ios-sdk\"",
					"\"$(SRCROOT)/Mad Ballots\"",
					"\"$(SRCROOT)/../../Library/Developer/Xcode/DerivedData/Mad_Ballots-fqgwtsyphckuoxgqclwgooqamvld/Build/Headers/RestKit\"",
					"\"$(SRCROOT)/RestKit/Build/Products/Debug-iphoneos\"",
					"\"$(SRCROOT)/RestKit/Vendor/AFNetowrking/AFNetowrking",
				);
				OTHER_LDFLAGS = "-ObjC";
				PRODUCT_NAME = madballots;
				PROVISIONING_PROFILE = "A2ED2A4A-F761-4734-A85C-5C398E2F999E";
				"PROVISIONING_PROFILE[sdk=iphoneos*]" = "A2ED2A4A-F761-4734-A85C-5C398E2F999E";
				TARGETED_DEVICE_FAMILY = "1,2";
				VALID_ARCHS = armv7;
				WRAPPER_EXTENSION = app;
			};
			name = Release;
		};
/* End XCBuildConfiguration section */

/* Begin XCConfigurationList section */
		0EE3D60C14FEB63400E4A0CE /* Build configuration list for PBXProject "Mad Ballots" */ = {
			isa = XCConfigurationList;
			buildConfigurations = (
				0EE3D64614FEB63500E4A0CE /* Debug */,
				0EE3D64714FEB63500E4A0CE /* Release */,
			);
			defaultConfigurationIsVisible = 0;
			defaultConfigurationName = Release;
		};
		0EE3D64814FEB63500E4A0CE /* Build configuration list for PBXNativeTarget "Mad Ballots" */ = {
			isa = XCConfigurationList;
			buildConfigurations = (
				0EE3D64914FEB63500E4A0CE /* Debug */,
				0EE3D64A14FEB63500E4A0CE /* Release */,
			);
			defaultConfigurationIsVisible = 0;
			defaultConfigurationName = Release;
		};
/* End XCConfigurationList section */
	};
	rootObject = 0EE3D60914FEB63400E4A0CE /* Project object */;
}
